// !$*UTF8*$!
{
	archiveVersion = 1;
	classes = {
	};
	objectVersion = 46;
	objects = {

/* Begin PBXBuildFile section */
		CC0E20BB18FD54D500CEC3F2 /* Default-568h@2x.png in Resources */ = {isa = PBXBuildFile; fileRef = CC0E20B418FD54D500CEC3F2 /* Default-568h@2x.png */; };
		CC0E20BC18FD54D500CEC3F2 /* Default.png in Resources */ = {isa = PBXBuildFile; fileRef = CC0E20B518FD54D500CEC3F2 /* Default.png */; };
		CC0E20BD18FD54D500CEC3F2 /* Default@2x.png in Resources */ = {isa = PBXBuildFile; fileRef = CC0E20B618FD54D500CEC3F2 /* Default@2x.png */; };
		CC0E20BE18FD54D500CEC3F2 /* Icon-Alternative.png in Resources */ = {isa = PBXBuildFile; fileRef = CC0E20B718FD54D500CEC3F2 /* Icon-Alternative.png */; };
		CC0E20BF18FD54D500CEC3F2 /* Icon-Alternative@2x.png in Resources */ = {isa = PBXBuildFile; fileRef = CC0E20B818FD54D500CEC3F2 /* Icon-Alternative@2x.png */; };
		CC0E20C018FD54D500CEC3F2 /* icon.png in Resources */ = {isa = PBXBuildFile; fileRef = CC0E20B918FD54D500CEC3F2 /* icon.png */; };
		CC0E20C118FD54D500CEC3F2 /* icon@2x.png in Resources */ = {isa = PBXBuildFile; fileRef = CC0E20BA18FD54D500CEC3F2 /* icon@2x.png */; };
		CC0E20D318FD54F900CEC3F2 /* FGAboutViewController.m in Sources */ = {isa = PBXBuildFile; fileRef = CC0E20C418FD54F900CEC3F2 /* FGAboutViewController.m */; };
		CC0E20D418FD54F900CEC3F2 /* FGAppDelegate.m in Sources */ = {isa = PBXBuildFile; fileRef = CC0E20C618FD54F900CEC3F2 /* FGAppDelegate.m */; };
		CC0E20D518FD54F900CEC3F2 /* FGContactViewController.m in Sources */ = {isa = PBXBuildFile; fileRef = CC0E20C818FD54F900CEC3F2 /* FGContactViewController.m */; };
		CC0E20D618FD54F900CEC3F2 /* FGGradientLayer.m in Sources */ = {isa = PBXBuildFile; fileRef = CC0E20CA18FD54F900CEC3F2 /* FGGradientLayer.m */; };
		CC0E20D718FD54F900CEC3F2 /* FGSideViewController.m in Sources */ = {isa = PBXBuildFile; fileRef = CC0E20CC18FD54F900CEC3F2 /* FGSideViewController.m */; };
		CC0E20D818FD54F900CEC3F2 /* FGStartViewController.m in Sources */ = {isa = PBXBuildFile; fileRef = CC0E20CE18FD54F900CEC3F2 /* FGStartViewController.m */; };
		CC0E20D918FD54F900CEC3F2 /* FGViewController.m in Sources */ = {isa = PBXBuildFile; fileRef = CC0E20D018FD54F900CEC3F2 /* FGViewController.m */; };
		CC0E20DA18FD54F900CEC3F2 /* UIImageView+LBBlurredImage.m in Sources */ = {isa = PBXBuildFile; fileRef = CC0E20D218FD54F900CEC3F2 /* UIImageView+LBBlurredImage.m */; };
		CC14920B1730868B00B510B2 /* nav-left@2x.png in Resources */ = {isa = PBXBuildFile; fileRef = CC14920A1730868B00B510B2 /* nav-left@2x.png */; };
		CC1492131730898700B510B2 /* photography-camera.png in Resources */ = {isa = PBXBuildFile; fileRef = CC14920E1730898700B510B2 /* photography-camera.png */; };
		CC1492141730898700B510B2 /* twitter-bird.png in Resources */ = {isa = PBXBuildFile; fileRef = CC14920F1730898700B510B2 /* twitter-bird.png */; };
		CC1492151730898700B510B2 /* user.png in Resources */ = {isa = PBXBuildFile; fileRef = CC1492101730898700B510B2 /* user.png */; };
		CC19221917312CAB00951919 /* OpenSans-Light.ttf in Resources */ = {isa = PBXBuildFile; fileRef = CC19221717312CAB00951919 /* OpenSans-Light.ttf */; };
		CC19221A17312CAB00951919 /* OpenSans-Regular.ttf in Resources */ = {isa = PBXBuildFile; fileRef = CC19221817312CAB00951919 /* OpenSans-Regular.ttf */; };
		CC1922221731376300951919 /* floppy.png in Resources */ = {isa = PBXBuildFile; fileRef = CC19221F1731376300951919 /* floppy.png */; };
		CC1922231731376300951919 /* letter.png in Resources */ = {isa = PBXBuildFile; fileRef = CC1922201731376300951919 /* letter.png */; };
		CC1922241731376300951919 /* user-white.png in Resources */ = {isa = PBXBuildFile; fileRef = CC1922211731376300951919 /* user-white.png */; };
		CC34B000173192F300BA75BF /* envelope.png in Resources */ = {isa = PBXBuildFile; fileRef = CC34AFFF173192F300BA75BF /* envelope.png */; };
		CC34B0111731AEC200BA75BF /* arrow.png in Resources */ = {isa = PBXBuildFile; fileRef = CC34B0101731AEC100BA75BF /* arrow.png */; };
		CC7D96611731724D00B3088E /* Apfeltube.png in Resources */ = {isa = PBXBuildFile; fileRef = CC7D965D1731724D00B3088E /* Apfeltube.png */; };
		CC7D96621731724D00B3088E /* Arduino.png in Resources */ = {isa = PBXBuildFile; fileRef = CC7D965E1731724D00B3088E /* Arduino.png */; };
		CC7D96631731724D00B3088E /* Finngaida in Resources */ = {isa = PBXBuildFile; fileRef = CC7D965F1731724D00B3088E /* Finngaida */; };
		CC7D96641731724D00B3088E /* SunUp.png in Resources */ = {isa = PBXBuildFile; fileRef = CC7D96601731724D00B3088E /* SunUp.png */; };
		CC7D96661731744200B3088E /* Movie in Resources */ = {isa = PBXBuildFile; fileRef = CC7D96651731744200B3088E /* Movie */; };
		CC7D9668173174BF00B3088E /* Future.png in Resources */ = {isa = PBXBuildFile; fileRef = CC7D9667173174BF00B3088E /* Future.png */; };
		CC7D966A173175C100B3088E /* ios.png in Resources */ = {isa = PBXBuildFile; fileRef = CC7D9669173175C100B3088E /* ios.png */; };
		CCAD3A63173111AB00F8B7D1 /* nav-side.png in Resources */ = {isa = PBXBuildFile; fileRef = CCAD3A61173111AB00F8B7D1 /* nav-side.png */; };
		CCAD3A64173111AB00F8B7D1 /* nav-side2x.png in Resources */ = {isa = PBXBuildFile; fileRef = CCAD3A62173111AB00F8B7D1 /* nav-side2x.png */; };
		CCE2E690173229D400E93020 /* bottom in Resources */ = {isa = PBXBuildFile; fileRef = CCE2E68C173229D400E93020 /* bottom */; };
		CCE2E691173229D400E93020 /* fam.jpg in Resources */ = {isa = PBXBuildFile; fileRef = CCE2E68D173229D400E93020 /* fam.jpg */; };
		CCE2E692173229D400E93020 /* rocket in Resources */ = {isa = PBXBuildFile; fileRef = CCE2E68E173229D400E93020 /* rocket */; };
		CCE2E693173229D400E93020 /* top in Resources */ = {isa = PBXBuildFile; fileRef = CCE2E68F173229D400E93020 /* top */; };
		CCF77677173073AA00C09810 /* UIKit.framework in Frameworks */ = {isa = PBXBuildFile; fileRef = CCF77676173073AA00C09810 /* UIKit.framework */; };
		CCF77679173073AA00C09810 /* Foundation.framework in Frameworks */ = {isa = PBXBuildFile; fileRef = CCF77678173073AA00C09810 /* Foundation.framework */; };
		CCF7767B173073AA00C09810 /* CoreGraphics.framework in Frameworks */ = {isa = PBXBuildFile; fileRef = CCF7767A173073AA00C09810 /* CoreGraphics.framework */; };
		CCF77681173073AA00C09810 /* InfoPlist.strings in Resources */ = {isa = PBXBuildFile; fileRef = CCF7767F173073AA00C09810 /* InfoPlist.strings */; };
		CCF77683173073AA00C09810 /* main.m in Sources */ = {isa = PBXBuildFile; fileRef = CCF77682173073AA00C09810 /* main.m */; };
		CCF77690173073AA00C09810 /* MainStoryboard.storyboard in Resources */ = {isa = PBXBuildFile; fileRef = CCF7768E173073AA00C09810 /* MainStoryboard.storyboard */; };
		CCF7769D173076FE00C09810 /* CoreImage.framework in Frameworks */ = {isa = PBXBuildFile; fileRef = CCF7769C173076FE00C09810 /* CoreImage.framework */; };
		CCF776A51730786B00C09810 /* cover.png in Resources */ = {isa = PBXBuildFile; fileRef = CCF7769F1730786B00C09810 /* cover.png */; };
		CCF776A61730786B00C09810 /* globe.png in Resources */ = {isa = PBXBuildFile; fileRef = CCF776A01730786B00C09810 /* globe.png */; };
		CCF776A71730786B00C09810 /* heart.png in Resources */ = {isa = PBXBuildFile; fileRef = CCF776A11730786B00C09810 /* heart.png */; };
		CCF776A81730786B00C09810 /* me.png in Resources */ = {isa = PBXBuildFile; fileRef = CCF776A21730786B00C09810 /* me.png */; };
		CCF776A91730786B00C09810 /* nav-left.png in Resources */ = {isa = PBXBuildFile; fileRef = CCF776A31730786B00C09810 /* nav-left.png */; };
		CCF776AC173078DB00C09810 /* QuartzCore.framework in Frameworks */ = {isa = PBXBuildFile; fileRef = CCF776AB173078DB00C09810 /* QuartzCore.framework */; };
		CCF776AF17307A5400C09810 /* nav.png in Resources */ = {isa = PBXBuildFile; fileRef = CCF776AD17307A5400C09810 /* nav.png */; };
		CCF776B017307A5400C09810 /* nav@2x.png in Resources */ = {isa = PBXBuildFile; fileRef = CCF776AE17307A5400C09810 /* nav@2x.png */; };
		CCF776B71730803600C09810 /* note.png in Resources */ = {isa = PBXBuildFile; fileRef = CCF776B61730803600C09810 /* note.png */; };
/* End PBXBuildFile section */

/* Begin PBXFileReference section */
		CC0E20B418FD54D500CEC3F2 /* Default-568h@2x.png */ = {isa = PBXFileReference; lastKnownFileType = image.png; name = "Default-568h@2x.png"; path = "Img/Default-568h@2x.png"; sourceTree = "<group>"; };
		CC0E20B518FD54D500CEC3F2 /* Default.png */ = {isa = PBXFileReference; lastKnownFileType = image.png; name = Default.png; path = Img/Default.png; sourceTree = "<group>"; };
		CC0E20B618FD54D500CEC3F2 /* Default@2x.png */ = {isa = PBXFileReference; lastKnownFileType = image.png; name = "Default@2x.png"; path = "Img/Default@2x.png"; sourceTree = "<group>"; };
		CC0E20B718FD54D500CEC3F2 /* Icon-Alternative.png */ = {isa = PBXFileReference; lastKnownFileType = image.png; name = "Icon-Alternative.png"; path = "Img/Icon-Alternative.png"; sourceTree = "<group>"; };
		CC0E20B818FD54D500CEC3F2 /* Icon-Alternative@2x.png */ = {isa = PBXFileReference; lastKnownFileType = image.png; name = "Icon-Alternative@2x.png"; path = "Img/Icon-Alternative@2x.png"; sourceTree = "<group>"; };
		CC0E20B918FD54D500CEC3F2 /* icon.png */ = {isa = PBXFileReference; lastKnownFileType = image.png; name = icon.png; path = Img/icon.png; sourceTree = "<group>"; };
		CC0E20BA18FD54D500CEC3F2 /* icon@2x.png */ = {isa = PBXFileReference; lastKnownFileType = image.png; name = "icon@2x.png"; path = "Img/icon@2x.png"; sourceTree = "<group>"; };
		CC0E20C318FD54F900CEC3F2 /* FGAboutViewController.h */ = {isa = PBXFileReference; fileEncoding = 4; lastKnownFileType = sourcecode.c.h; name = FGAboutViewController.h; path = Classes/FGAboutViewController.h; sourceTree = "<group>"; };
		CC0E20C418FD54F900CEC3F2 /* FGAboutViewController.m */ = {isa = PBXFileReference; fileEncoding = 4; lastKnownFileType = sourcecode.c.objc; name = FGAboutViewController.m; path = Classes/FGAboutViewController.m; sourceTree = "<group>"; };
		CC0E20C518FD54F900CEC3F2 /* FGAppDelegate.h */ = {isa = PBXFileReference; fileEncoding = 4; lastKnownFileType = sourcecode.c.h; name = FGAppDelegate.h; path = Classes/FGAppDelegate.h; sourceTree = "<group>"; };
		CC0E20C618FD54F900CEC3F2 /* FGAppDelegate.m */ = {isa = PBXFileReference; fileEncoding = 4; lastKnownFileType = sourcecode.c.objc; name = FGAppDelegate.m; path = Classes/FGAppDelegate.m; sourceTree = "<group>"; };
		CC0E20C718FD54F900CEC3F2 /* FGContactViewController.h */ = {isa = PBXFileReference; fileEncoding = 4; lastKnownFileType = sourcecode.c.h; name = FGContactViewController.h; path = Classes/FGContactViewController.h; sourceTree = "<group>"; };
		CC0E20C818FD54F900CEC3F2 /* FGContactViewController.m */ = {isa = PBXFileReference; fileEncoding = 4; lastKnownFileType = sourcecode.c.objc; name = FGContactViewController.m; path = Classes/FGContactViewController.m; sourceTree = "<group>"; };
		CC0E20C918FD54F900CEC3F2 /* FGGradientLayer.h */ = {isa = PBXFileReference; fileEncoding = 4; lastKnownFileType = sourcecode.c.h; name = FGGradientLayer.h; path = Classes/FGGradientLayer.h; sourceTree = "<group>"; };
		CC0E20CA18FD54F900CEC3F2 /* FGGradientLayer.m */ = {isa = PBXFileReference; fileEncoding = 4; lastKnownFileType = sourcecode.c.objc; name = FGGradientLayer.m; path = Classes/FGGradientLayer.m; sourceTree = "<group>"; };
		CC0E20CB18FD54F900CEC3F2 /* FGSideViewController.h */ = {isa = PBXFileReference; fileEncoding = 4; lastKnownFileType = sourcecode.c.h; name = FGSideViewController.h; path = Classes/FGSideViewController.h; sourceTree = "<group>"; };
		CC0E20CC18FD54F900CEC3F2 /* FGSideViewController.m */ = {isa = PBXFileReference; fileEncoding = 4; lastKnownFileType = sourcecode.c.objc; name = FGSideViewController.m; path = Classes/FGSideViewController.m; sourceTree = "<group>"; };
		CC0E20CD18FD54F900CEC3F2 /* FGStartViewController.h */ = {isa = PBXFileReference; fileEncoding = 4; lastKnownFileType = sourcecode.c.h; name = FGStartViewController.h; path = Classes/FGStartViewController.h; sourceTree = "<group>"; };
		CC0E20CE18FD54F900CEC3F2 /* FGStartViewController.m */ = {isa = PBXFileReference; fileEncoding = 4; lastKnownFileType = sourcecode.c.objc; name = FGStartViewController.m; path = Classes/FGStartViewController.m; sourceTree = "<group>"; };
		CC0E20CF18FD54F900CEC3F2 /* FGViewController.h */ = {isa = PBXFileReference; fileEncoding = 4; lastKnownFileType = sourcecode.c.h; name = FGViewController.h; path = Classes/FGViewController.h; sourceTree = "<group>"; };
		CC0E20D018FD54F900CEC3F2 /* FGViewController.m */ = {isa = PBXFileReference; fileEncoding = 4; lastKnownFileType = sourcecode.c.objc; name = FGViewController.m; path = Classes/FGViewController.m; sourceTree = "<group>"; };
		CC0E20D118FD54F900CEC3F2 /* UIImageView+LBBlurredImage.h */ = {isa = PBXFileReference; fileEncoding = 4; lastKnownFileType = sourcecode.c.h; name = "UIImageView+LBBlurredImage.h"; path = "Classes/UIImageView+LBBlurredImage.h"; sourceTree = "<group>"; };
		CC0E20D218FD54F900CEC3F2 /* UIImageView+LBBlurredImage.m */ = {isa = PBXFileReference; fileEncoding = 4; lastKnownFileType = sourcecode.c.objc; name = "UIImageView+LBBlurredImage.m"; path = "Classes/UIImageView+LBBlurredImage.m"; sourceTree = "<group>"; };
		CC14920A1730868B00B510B2 /* nav-left@2x.png */ = {isa = PBXFileReference; lastKnownFileType = image.png; path = "nav-left@2x.png"; sourceTree = "<group>"; };
		CC14920E1730898700B510B2 /* photography-camera.png */ = {isa = PBXFileReference; lastKnownFileType = image.png; path = "photography-camera.png"; sourceTree = "<group>"; };
		CC14920F1730898700B510B2 /* twitter-bird.png */ = {isa = PBXFileReference; lastKnownFileType = image.png; path = "twitter-bird.png"; sourceTree = "<group>"; };
		CC1492101730898700B510B2 /* user.png */ = {isa = PBXFileReference; lastKnownFileType = image.png; path = user.png; sourceTree = "<group>"; };
		CC19221717312CAB00951919 /* OpenSans-Light.ttf */ = {isa = PBXFileReference; lastKnownFileType = file; path = "OpenSans-Light.ttf"; sourceTree = "<group>"; };
		CC19221817312CAB00951919 /* OpenSans-Regular.ttf */ = {isa = PBXFileReference; lastKnownFileType = file; name = "OpenSans-Regular.ttf"; path = "../OpenSans-Regular.ttf"; sourceTree = "<group>"; };
		CC19221F1731376300951919 /* floppy.png */ = {isa = PBXFileReference; lastKnownFileType = image.png; path = floppy.png; sourceTree = "<group>"; };
		CC1922201731376300951919 /* letter.png */ = {isa = PBXFileReference; lastKnownFileType = image.png; path = letter.png; sourceTree = "<group>"; };
		CC1922211731376300951919 /* user-white.png */ = {isa = PBXFileReference; lastKnownFileType = image.png; path = "user-white.png"; sourceTree = "<group>"; };
		CC34AFFF173192F300BA75BF /* envelope.png */ = {isa = PBXFileReference; lastKnownFileType = image.png; path = envelope.png; sourceTree = "<group>"; };
		CC34B0101731AEC100BA75BF /* arrow.png */ = {isa = PBXFileReference; lastKnownFileType = image.png; path = arrow.png; sourceTree = "<group>"; };
		CC7D965D1731724D00B3088E /* Apfeltube.png */ = {isa = PBXFileReference; lastKnownFileType = image.png; path = Apfeltube.png; sourceTree = "<group>"; };
		CC7D965E1731724D00B3088E /* Arduino.png */ = {isa = PBXFileReference; lastKnownFileType = image.png; path = Arduino.png; sourceTree = "<group>"; };
		CC7D965F1731724D00B3088E /* Finngaida */ = {isa = PBXFileReference; lastKnownFileType = file; path = Finngaida; sourceTree = "<group>"; };
		CC7D96601731724D00B3088E /* SunUp.png */ = {isa = PBXFileReference; lastKnownFileType = image.png; path = SunUp.png; sourceTree = "<group>"; };
		CC7D96651731744200B3088E /* Movie */ = {isa = PBXFileReference; lastKnownFileType = file; path = Movie; sourceTree = "<group>"; };
		CC7D9667173174BF00B3088E /* Future.png */ = {isa = PBXFileReference; lastKnownFileType = image.png; path = Future.png; sourceTree = "<group>"; };
		CC7D9669173175C100B3088E /* ios.png */ = {isa = PBXFileReference; lastKnownFileType = image.png; path = ios.png; sourceTree = "<group>"; };
		CCAD3A61173111AB00F8B7D1 /* nav-side.png */ = {isa = PBXFileReference; lastKnownFileType = image.png; path = "nav-side.png"; sourceTree = "<group>"; };
		CCAD3A62173111AB00F8B7D1 /* nav-side2x.png */ = {isa = PBXFileReference; lastKnownFileType = image.png; path = "nav-side2x.png"; sourceTree = "<group>"; };
		CCE2E68C173229D400E93020 /* bottom */ = {isa = PBXFileReference; lastKnownFileType = file; path = bottom; sourceTree = "<group>"; };
		CCE2E68D173229D400E93020 /* fam.jpg */ = {isa = PBXFileReference; lastKnownFileType = image.jpeg; path = fam.jpg; sourceTree = "<group>"; };
		CCE2E68E173229D400E93020 /* rocket */ = {isa = PBXFileReference; lastKnownFileType = file; path = rocket; sourceTree = "<group>"; };
		CCE2E68F173229D400E93020 /* top */ = {isa = PBXFileReference; lastKnownFileType = file; path = top; sourceTree = "<group>"; };
		CCF77673173073AA00C09810 /* iAm Finn.app */ = {isa = PBXFileReference; explicitFileType = wrapper.application; includeInIndex = 0; path = "iAm Finn.app"; sourceTree = BUILT_PRODUCTS_DIR; };
		CCF77676173073AA00C09810 /* UIKit.framework */ = {isa = PBXFileReference; lastKnownFileType = wrapper.framework; name = UIKit.framework; path = System/Library/Frameworks/UIKit.framework; sourceTree = SDKROOT; };
		CCF77678173073AA00C09810 /* Foundation.framework */ = {isa = PBXFileReference; lastKnownFileType = wrapper.framework; name = Foundation.framework; path = System/Library/Frameworks/Foundation.framework; sourceTree = SDKROOT; };
		CCF7767A173073AA00C09810 /* CoreGraphics.framework */ = {isa = PBXFileReference; lastKnownFileType = wrapper.framework; name = CoreGraphics.framework; path = System/Library/Frameworks/CoreGraphics.framework; sourceTree = SDKROOT; };
		CCF7767E173073AA00C09810 /* iAm Finn-Info.plist */ = {isa = PBXFileReference; lastKnownFileType = text.plist.xml; path = "iAm Finn-Info.plist"; sourceTree = "<group>"; };
		CCF77680173073AA00C09810 /* en */ = {isa = PBXFileReference; lastKnownFileType = text.plist.strings; name = en; path = en.lproj/InfoPlist.strings; sourceTree = "<group>"; };
		CCF77682173073AA00C09810 /* main.m */ = {isa = PBXFileReference; lastKnownFileType = sourcecode.c.objc; path = main.m; sourceTree = "<group>"; };
		CCF77684173073AA00C09810 /* iAm Finn-Prefix.pch */ = {isa = PBXFileReference; lastKnownFileType = sourcecode.c.h; path = "iAm Finn-Prefix.pch"; sourceTree = "<group>"; };
		CCF7768F173073AA00C09810 /* en */ = {isa = PBXFileReference; lastKnownFileType = file.storyboard; name = en; path = en.lproj/MainStoryboard.storyboard; sourceTree = "<group>"; };
		CCF7769C173076FE00C09810 /* CoreImage.framework */ = {isa = PBXFileReference; lastKnownFileType = wrapper.framework; name = CoreImage.framework; path = System/Library/Frameworks/CoreImage.framework; sourceTree = SDKROOT; };
		CCF7769F1730786B00C09810 /* cover.png */ = {isa = PBXFileReference; lastKnownFileType = image.png; path = cover.png; sourceTree = "<group>"; };
		CCF776A01730786B00C09810 /* globe.png */ = {isa = PBXFileReference; lastKnownFileType = image.png; path = globe.png; sourceTree = "<group>"; };
		CCF776A11730786B00C09810 /* heart.png */ = {isa = PBXFileReference; lastKnownFileType = image.png; path = heart.png; sourceTree = "<group>"; };
		CCF776A21730786B00C09810 /* me.png */ = {isa = PBXFileReference; lastKnownFileType = image.png; path = me.png; sourceTree = "<group>"; };
		CCF776A31730786B00C09810 /* nav-left.png */ = {isa = PBXFileReference; lastKnownFileType = image.png; path = "nav-left.png"; sourceTree = "<group>"; };
		CCF776AB173078DB00C09810 /* QuartzCore.framework */ = {isa = PBXFileReference; lastKnownFileType = wrapper.framework; name = QuartzCore.framework; path = System/Library/Frameworks/QuartzCore.framework; sourceTree = SDKROOT; };
		CCF776AD17307A5400C09810 /* nav.png */ = {isa = PBXFileReference; lastKnownFileType = image.png; path = nav.png; sourceTree = "<group>"; };
		CCF776AE17307A5400C09810 /* nav@2x.png */ = {isa = PBXFileReference; lastKnownFileType = image.png; path = "nav@2x.png"; sourceTree = "<group>"; };
		CCF776B61730803600C09810 /* note.png */ = {isa = PBXFileReference; lastKnownFileType = image.png; path = note.png; sourceTree = "<group>"; };
/* End PBXFileReference section */

/* Begin PBXFrameworksBuildPhase section */
		CCF77670173073AA00C09810 /* Frameworks */ = {
			isa = PBXFrameworksBuildPhase;
			buildActionMask = 2147483647;
			files = (
				CCF776AC173078DB00C09810 /* QuartzCore.framework in Frameworks */,
				CCF7769D173076FE00C09810 /* CoreImage.framework in Frameworks */,
				CCF77677173073AA00C09810 /* UIKit.framework in Frameworks */,
				CCF77679173073AA00C09810 /* Foundation.framework in Frameworks */,
				CCF7767B173073AA00C09810 /* CoreGraphics.framework in Frameworks */,
			);
			runOnlyForDeploymentPostprocessing = 0;
		};
/* End PBXFrameworksBuildPhase section */

/* Begin PBXGroup section */
		CC0E20B318FD544C00CEC3F2 /* App Img */ = {
			isa = PBXGroup;
			children = (
				CC0E20B418FD54D500CEC3F2 /* Default-568h@2x.png */,
				CC0E20B518FD54D500CEC3F2 /* Default.png */,
				CC0E20B618FD54D500CEC3F2 /* Default@2x.png */,
				CC0E20B718FD54D500CEC3F2 /* Icon-Alternative.png */,
				CC0E20B818FD54D500CEC3F2 /* Icon-Alternative@2x.png */,
				CC0E20B918FD54D500CEC3F2 /* icon.png */,
				CC0E20BA18FD54D500CEC3F2 /* icon@2x.png */,
			);
			name = "App Img";
			sourceTree = "<group>";
		};
		CC0E20C218FD54EE00CEC3F2 /* Classes */ = {
			isa = PBXGroup;
			children = (
				CC0E20C318FD54F900CEC3F2 /* FGAboutViewController.h */,
				CC0E20C418FD54F900CEC3F2 /* FGAboutViewController.m */,
				CC0E20C518FD54F900CEC3F2 /* FGAppDelegate.h */,
				CC0E20C618FD54F900CEC3F2 /* FGAppDelegate.m */,
				CC0E20C718FD54F900CEC3F2 /* FGContactViewController.h */,
				CC0E20C818FD54F900CEC3F2 /* FGContactViewController.m */,
				CC0E20C918FD54F900CEC3F2 /* FGGradientLayer.h */,
				CC0E20CA18FD54F900CEC3F2 /* FGGradientLayer.m */,
				CC0E20CB18FD54F900CEC3F2 /* FGSideViewController.h */,
				CC0E20CC18FD54F900CEC3F2 /* FGSideViewController.m */,
				CC0E20CD18FD54F900CEC3F2 /* FGStartViewController.h */,
				CC0E20CE18FD54F900CEC3F2 /* FGStartViewController.m */,
				CC0E20CF18FD54F900CEC3F2 /* FGViewController.h */,
				CC0E20D018FD54F900CEC3F2 /* FGViewController.m */,
				CC0E20D118FD54F900CEC3F2 /* UIImageView+LBBlurredImage.h */,
				CC0E20D218FD54F900CEC3F2 /* UIImageView+LBBlurredImage.m */,
			);
			name = Classes;
			sourceTree = "<group>";
		};
		CCF7766A173073AA00C09810 = {
			isa = PBXGroup;
			children = (
				CCF7767C173073AA00C09810 /* iAm Finn */,
				CCF77675173073AA00C09810 /* Frameworks */,
				CCF77674173073AA00C09810 /* Products */,
			);
			sourceTree = "<group>";
		};
		CCF77674173073AA00C09810 /* Products */ = {
			isa = PBXGroup;
			children = (
				CCF77673173073AA00C09810 /* iAm Finn.app */,
			);
			name = Products;
			sourceTree = "<group>";
		};
		CCF77675173073AA00C09810 /* Frameworks */ = {
			isa = PBXGroup;
			children = (
				CCF776AB173078DB00C09810 /* QuartzCore.framework */,
				CCF7769C173076FE00C09810 /* CoreImage.framework */,
				CCF77676173073AA00C09810 /* UIKit.framework */,
				CCF77678173073AA00C09810 /* Foundation.framework */,
				CCF7767A173073AA00C09810 /* CoreGraphics.framework */,
			);
			name = Frameworks;
			sourceTree = "<group>";
		};
		CCF7767C173073AA00C09810 /* iAm Finn */ = {
			isa = PBXGroup;
			children = (
				CC0E20C218FD54EE00CEC3F2 /* Classes */,
				CC0E20B318FD544C00CEC3F2 /* App Img */,
				CCF7768E173073AA00C09810 /* MainStoryboard.storyboard */,
				CCF7769E1730786B00C09810 /* Img */,
				CCF7767D173073AA00C09810 /* Supporting Files */,
			);
			path = "iAm Finn";
			sourceTree = "<group>";
		};
		CCF7767D173073AA00C09810 /* Supporting Files */ = {
			isa = PBXGroup;
			children = (
				CC19221717312CAB00951919 /* OpenSans-Light.ttf */,
				CCF7767E173073AA00C09810 /* iAm Finn-Info.plist */,
				CCF7767F173073AA00C09810 /* InfoPlist.strings */,
				CCF77682173073AA00C09810 /* main.m */,
				CCF77684173073AA00C09810 /* iAm Finn-Prefix.pch */,
			);
			name = "Supporting Files";
			sourceTree = "<group>";
		};
		CCF7769E1730786B00C09810 /* Img */ = {
			isa = PBXGroup;
			children = (
				CCE2E68C173229D400E93020 /* bottom */,
				CCE2E68D173229D400E93020 /* fam.jpg */,
				CCE2E68E173229D400E93020 /* rocket */,
				CCE2E68F173229D400E93020 /* top */,
				CC34B0101731AEC100BA75BF /* arrow.png */,
				CC34AFFF173192F300BA75BF /* envelope.png */,
				CC7D9669173175C100B3088E /* ios.png */,
				CC7D9667173174BF00B3088E /* Future.png */,
				CC7D96651731744200B3088E /* Movie */,
				CC7D965D1731724D00B3088E /* Apfeltube.png */,
				CC7D965E1731724D00B3088E /* Arduino.png */,
				CC7D965F1731724D00B3088E /* Finngaida */,
				CC19221817312CAB00951919 /* OpenSans-Regular.ttf */,
				CC7D96601731724D00B3088E /* SunUp.png */,
				CC19221F1731376300951919 /* floppy.png */,
				CC1922201731376300951919 /* letter.png */,
				CC1922211731376300951919 /* user-white.png */,
				CCAD3A61173111AB00F8B7D1 /* nav-side.png */,
				CCAD3A62173111AB00F8B7D1 /* nav-side2x.png */,
				CC14920E1730898700B510B2 /* photography-camera.png */,
				CC14920F1730898700B510B2 /* twitter-bird.png */,
				CC1492101730898700B510B2 /* user.png */,
				CC14920A1730868B00B510B2 /* nav-left@2x.png */,
				CCF776B61730803600C09810 /* note.png */,
				CCF776AD17307A5400C09810 /* nav.png */,
				CCF776AE17307A5400C09810 /* nav@2x.png */,
				CCF7769F1730786B00C09810 /* cover.png */,
				CCF776A01730786B00C09810 /* globe.png */,
				CCF776A11730786B00C09810 /* heart.png */,
				CCF776A21730786B00C09810 /* me.png */,
				CCF776A31730786B00C09810 /* nav-left.png */,
			);
			path = Img;
			sourceTree = "<group>";
		};
/* End PBXGroup section */

/* Begin PBXNativeTarget section */
		CCF77672173073AA00C09810 /* iAm Finn */ = {
			isa = PBXNativeTarget;
			buildConfigurationList = CCF77696173073AA00C09810 /* Build configuration list for PBXNativeTarget "iAm Finn" */;
			buildPhases = (
				CCF7766F173073AA00C09810 /* Sources */,
				CCF77670173073AA00C09810 /* Frameworks */,
				CCF77671173073AA00C09810 /* Resources */,
			);
			buildRules = (
			);
			dependencies = (
			);
			name = "iAm Finn";
			productName = "iAm Finn";
			productReference = CCF77673173073AA00C09810 /* iAm Finn.app */;
			productType = "com.apple.product-type.application";
		};
/* End PBXNativeTarget section */

/* Begin PBXProject section */
		CCF7766B173073AA00C09810 /* Project object */ = {
			isa = PBXProject;
			attributes = {
				CLASSPREFIX = FG;
				LastUpgradeCheck = 0460;
				ORGANIZATIONNAME = "Finn Gaida";
			};
			buildConfigurationList = CCF7766E173073AA00C09810 /* Build configuration list for PBXProject "iAm Finn" */;
			compatibilityVersion = "Xcode 3.2";
			developmentRegion = English;
			hasScannedForEncodings = 0;
			knownRegions = (
				en,
			);
			mainGroup = CCF7766A173073AA00C09810;
			productRefGroup = CCF77674173073AA00C09810 /* Products */;
			projectDirPath = "";
			projectRoot = "";
			targets = (
				CCF77672173073AA00C09810 /* iAm Finn */,
			);
		};
/* End PBXProject section */

/* Begin PBXResourcesBuildPhase section */
		CCF77671173073AA00C09810 /* Resources */ = {
			isa = PBXResourcesBuildPhase;
			buildActionMask = 2147483647;
			files = (
				CCF77681173073AA00C09810 /* InfoPlist.strings in Resources */,
				CCF77690173073AA00C09810 /* MainStoryboard.storyboard in Resources */,
				CCF776A51730786B00C09810 /* cover.png in Resources */,
				CC0E20BB18FD54D500CEC3F2 /* Default-568h@2x.png in Resources */,
				CCF776A61730786B00C09810 /* globe.png in Resources */,
				CCF776A71730786B00C09810 /* heart.png in Resources */,
				CCF776A81730786B00C09810 /* me.png in Resources */,
				CCF776A91730786B00C09810 /* nav-left.png in Resources */,
				CC0E20C018FD54D500CEC3F2 /* icon.png in Resources */,
				CCF776AF17307A5400C09810 /* nav.png in Resources */,
				CCF776B017307A5400C09810 /* nav@2x.png in Resources */,
				CCF776B71730803600C09810 /* note.png in Resources */,
				CC0E20BC18FD54D500CEC3F2 /* Default.png in Resources */,
				CC14920B1730868B00B510B2 /* nav-left@2x.png in Resources */,
				CC1492131730898700B510B2 /* photography-camera.png in Resources */,
				CC0E20BF18FD54D500CEC3F2 /* Icon-Alternative@2x.png in Resources */,
				CC1492141730898700B510B2 /* twitter-bird.png in Resources */,
				CC0E20C118FD54D500CEC3F2 /* icon@2x.png in Resources */,
				CC1492151730898700B510B2 /* user.png in Resources */,
				CCAD3A63173111AB00F8B7D1 /* nav-side.png in Resources */,
				CCAD3A64173111AB00F8B7D1 /* nav-side2x.png in Resources */,
				CC19221917312CAB00951919 /* OpenSans-Light.ttf in Resources */,
				CC19221A17312CAB00951919 /* OpenSans-Regular.ttf in Resources */,
				CC0E20BE18FD54D500CEC3F2 /* Icon-Alternative.png in Resources */,
				CC1922221731376300951919 /* floppy.png in Resources */,
				CC1922231731376300951919 /* letter.png in Resources */,
				CC1922241731376300951919 /* user-white.png in Resources */,
				CC7D96611731724D00B3088E /* Apfeltube.png in Resources */,
				CC7D96621731724D00B3088E /* Arduino.png in Resources */,
				CC7D96631731724D00B3088E /* Finngaida in Resources */,
				CC7D96641731724D00B3088E /* SunUp.png in Resources */,
				CC7D96661731744200B3088E /* Movie in Resources */,
				CC7D9668173174BF00B3088E /* Future.png in Resources */,
				CC7D966A173175C100B3088E /* ios.png in Resources */,
				CC0E20BD18FD54D500CEC3F2 /* Default@2x.png in Resources */,
				CC34B000173192F300BA75BF /* envelope.png in Resources */,
				CC34B0111731AEC200BA75BF /* arrow.png in Resources */,
				CCE2E690173229D400E93020 /* bottom in Resources */,
				CCE2E691173229D400E93020 /* fam.jpg in Resources */,
				CCE2E692173229D400E93020 /* rocket in Resources */,
				CCE2E693173229D400E93020 /* top in Resources */,
			);
			runOnlyForDeploymentPostprocessing = 0;
		};
/* End PBXResourcesBuildPhase section */

/* Begin PBXSourcesBuildPhase section */
		CCF7766F173073AA00C09810 /* Sources */ = {
			isa = PBXSourcesBuildPhase;
			buildActionMask = 2147483647;
			files = (
				CCF77683173073AA00C09810 /* main.m in Sources */,
				CC0E20DA18FD54F900CEC3F2 /* UIImageView+LBBlurredImage.m in Sources */,
				CC0E20D318FD54F900CEC3F2 /* FGAboutViewController.m in Sources */,
				CC0E20D718FD54F900CEC3F2 /* FGSideViewController.m in Sources */,
				CC0E20D518FD54F900CEC3F2 /* FGContactViewController.m in Sources */,
				CC0E20D418FD54F900CEC3F2 /* FGAppDelegate.m in Sources */,
				CC0E20D618FD54F900CEC3F2 /* FGGradientLayer.m in Sources */,
				CC0E20D818FD54F900CEC3F2 /* FGStartViewController.m in Sources */,
				CC0E20D918FD54F900CEC3F2 /* FGViewController.m in Sources */,
			);
			runOnlyForDeploymentPostprocessing = 0;
		};
/* End PBXSourcesBuildPhase section */

/* Begin PBXVariantGroup section */
		CCF7767F173073AA00C09810 /* InfoPlist.strings */ = {
			isa = PBXVariantGroup;
			children = (
				CCF77680173073AA00C09810 /* en */,
			);
			name = InfoPlist.strings;
			sourceTree = "<group>";
		};
		CCF7768E173073AA00C09810 /* MainStoryboard.storyboard */ = {
			isa = PBXVariantGroup;
			children = (
				CCF7768F173073AA00C09810 /* en */,
			);
			name = MainStoryboard.storyboard;
			sourceTree = "<group>";
		};
/* End PBXVariantGroup section */

/* Begin XCBuildConfiguration section */
		CCF77694173073AA00C09810 /* Debug */ = {
			isa = XCBuildConfiguration;
			buildSettings = {
				ALWAYS_SEARCH_USER_PATHS = NO;
				CLANG_CXX_LANGUAGE_STANDARD = "gnu++0x";
				CLANG_CXX_LIBRARY = "libc++";
				CLANG_ENABLE_OBJC_ARC = YES;
				CLANG_WARN_CONSTANT_CONVERSION = YES;
				CLANG_WARN_EMPTY_BODY = YES;
				CLANG_WARN_ENUM_CONVERSION = YES;
				CLANG_WARN_INT_CONVERSION = YES;
				CLANG_WARN__DUPLICATE_METHOD_MATCH = YES;
				CODE_SIGN_IDENTITY = "";
				"CODE_SIGN_IDENTITY[sdk=iphoneos*]" = "";
				COPY_PHASE_STRIP = NO;
				GCC_C_LANGUAGE_STANDARD = gnu99;
				GCC_DYNAMIC_NO_PIC = NO;
				GCC_OPTIMIZATION_LEVEL = 0;
				GCC_PREPROCESSOR_DEFINITIONS = (
					"DEBUG=1",
					"$(inherited)",
				);
				GCC_SYMBOLS_PRIVATE_EXTERN = NO;
				GCC_WARN_ABOUT_RETURN_TYPE = YES;
				GCC_WARN_UNINITIALIZED_AUTOS = YES;
				GCC_WARN_UNUSED_VARIABLE = YES;
				IPHONEOS_DEPLOYMENT_TARGET = 6.1;
				ONLY_ACTIVE_ARCH = YES;
				PROVISIONING_PROFILE = "";
				"PROVISIONING_PROFILE[sdk=iphoneos*]" = "";
				SDKROOT = iphoneos;
			};
			name = Debug;
		};
		CCF77695173073AA00C09810 /* Release */ = {
			isa = XCBuildConfiguration;
			buildSettings = {
				ALWAYS_SEARCH_USER_PATHS = NO;
				CLANG_CXX_LANGUAGE_STANDARD = "gnu++0x";
				CLANG_CXX_LIBRARY = "libc++";
				CLANG_ENABLE_OBJC_ARC = YES;
				CLANG_WARN_CONSTANT_CONVERSION = YES;
				CLANG_WARN_EMPTY_BODY = YES;
				CLANG_WARN_ENUM_CONVERSION = YES;
				CLANG_WARN_INT_CONVERSION = YES;
				CLANG_WARN__DUPLICATE_METHOD_MATCH = YES;
				CODE_SIGN_IDENTITY = "";
				"CODE_SIGN_IDENTITY[sdk=iphoneos*]" = "";
				COPY_PHASE_STRIP = YES;
				GCC_C_LANGUAGE_STANDARD = gnu99;
				GCC_WARN_ABOUT_RETURN_TYPE = YES;
				GCC_WARN_UNINITIALIZED_AUTOS = YES;
				GCC_WARN_UNUSED_VARIABLE = YES;
				IPHONEOS_DEPLOYMENT_TARGET = 6.1;
				OTHER_CFLAGS = "-DNS_BLOCK_ASSERTIONS=1";
				PROVISIONING_PROFILE = "";
				"PROVISIONING_PROFILE[sdk=iphoneos*]" = "";
				SDKROOT = iphoneos;
				VALIDATE_PRODUCT = YES;
			};
			name = Release;
		};
		CCF77697173073AA00C09810 /* Debug */ = {
			isa = XCBuildConfiguration;
			buildSettings = {
				CODE_SIGN_IDENTITY = "";
				"CODE_SIGN_IDENTITY[sdk=iphoneos*]" = "iPhone Developer";
				GCC_PRECOMPILE_PREFIX_HEADER = YES;
				GCC_PREFIX_HEADER = "iAm Finn/iAm Finn-Prefix.pch";
				INFOPLIST_FILE = "iAm Finn/iAm Finn-Info.plist";
				PRODUCT_NAME = "$(TARGET_NAME)";
				PROVISIONING_PROFILE = "F617A7F8-6ECD-4AF8-ACCC-411A52D3AAEE";
				"PROVISIONING_PROFILE[sdk=iphoneos*]" = "F617A7F8-6ECD-4AF8-ACCC-411A52D3AAEE";
				WRAPPER_EXTENSION = app;
			};
			name = Debug;
		};
		CCF77698173073AA00C09810 /* Release */ = {
			isa = XCBuildConfiguration;
			buildSettings = {
				CODE_SIGN_IDENTITY = "";
				"CODE_SIGN_IDENTITY[sdk=iphoneos*]" = "iPhone Developer";
				GCC_PRECOMPILE_PREFIX_HEADER = YES;
				GCC_PREFIX_HEADER = "iAm Finn/iAm Finn-Prefix.pch";
				INFOPLIST_FILE = "iAm Finn/iAm Finn-Info.plist";
				PRODUCT_NAME = "$(TARGET_NAME)";
				PROVISIONING_PROFILE = "F617A7F8-6ECD-4AF8-ACCC-411A52D3AAEE";
				"PROVISIONING_PROFILE[sdk=iphoneos*]" = "F617A7F8-6ECD-4AF8-ACCC-411A52D3AAEE";
				WRAPPER_EXTENSION = app;
			};
			name = Release;
		};
/* End XCBuildConfiguration section */

/* Begin XCConfigurationList section */
		CCF7766E173073AA00C09810 /* Build configuration list for PBXProject "iAm Finn" */ = {
			isa = XCConfigurationList;
			buildConfigurations = (
				CCF77694173073AA00C09810 /* Debug */,
				CCF77695173073AA00C09810 /* Release */,
			);
			defaultConfigurationIsVisible = 0;
			defaultConfigurationName = Release;
		};
		CCF77696173073AA00C09810 /* Build configuration list for PBXNativeTarget "iAm Finn" */ = {
			isa = XCConfigurationList;
			buildConfigurations = (
				CCF77697173073AA00C09810 /* Debug */,
				CCF77698173073AA00C09810 /* Release */,
			);
			defaultConfigurationIsVisible = 0;
			defaultConfigurationName = Release;
		};
/* End XCConfigurationList section */
	};
	rootObject = CCF7766B173073AA00C09810 /* Project object */;
}
