// !$*UTF8*$!
{
	archiveVersion = 1;
	classes = {
	};
	objectVersion = 46;
	objects = {

/* Begin PBXBuildFile section */
		8337F55C2C1CA7A69EF30C91 /* Pods_Finn_Gaida.framework in Frameworks */ = {isa = PBXBuildFile; fileRef = B82D0C409712E1AF8AF4A366 /* Pods_Finn_Gaida.framework */; };
		9A19F82F11C072A257E84B31 /* Pods_Finn_GaidaTests.framework in Frameworks */ = {isa = PBXBuildFile; fileRef = ECDEBC2BB93134848C90CB56 /* Pods_Finn_GaidaTests.framework */; };
		C5056CAE1CC940AE00F423AC /* JPEG.swift in Sources */ = {isa = PBXBuildFile; fileRef = C5056CAC1CC940AE00F423AC /* JPEG.swift */; };
		C5056CAF1CC940AE00F423AC /* QuickTimeMov.swift in Sources */ = {isa = PBXBuildFile; fileRef = C5056CAD1CC940AE00F423AC /* QuickTimeMov.swift */; };
		C5056CB11CC9414800F423AC /* ImageSorcery.swift in Sources */ = {isa = PBXBuildFile; fileRef = C5056CB01CC9414800F423AC /* ImageSorcery.swift */; };
		C513AD6F1CD0A7AC0031B881 /* icon2.png in Resources */ = {isa = PBXBuildFile; fileRef = C513AD6E1CD0A7AC0031B881 /* icon2.png */; };
		C513AD711CD115670031B881 /* PanoramaView.swift in Sources */ = {isa = PBXBuildFile; fileRef = C513AD701CD115670031B881 /* PanoramaView.swift */; };
		C513AD731CD115750031B881 /* WWDCWidget.swift in Sources */ = {isa = PBXBuildFile; fileRef = C513AD721CD115750031B881 /* WWDCWidget.swift */; };
		C513AD751CD115C50031B881 /* pan.jpg in Resources */ = {isa = PBXBuildFile; fileRef = C513AD741CD115C50031B881 /* pan.jpg */; };
		C513AD771CD117CA0031B881 /* ImageWidget.swift in Sources */ = {isa = PBXBuildFile; fileRef = C513AD761CD117CA0031B881 /* ImageWidget.swift */; };
		C513AD7A1CD11AEB0031B881 /* report1.png in Resources */ = {isa = PBXBuildFile; fileRef = C513AD781CD11AEB0031B881 /* report1.png */; };
		C513AD7B1CD11AEB0031B881 /* report2.png in Resources */ = {isa = PBXBuildFile; fileRef = C513AD791CD11AEB0031B881 /* report2.png */; };
		C513AD7D1CD1FDBC0031B881 /* SafariWidget.swift in Sources */ = {isa = PBXBuildFile; fileRef = C513AD7C1CD1FDBC0031B881 /* SafariWidget.swift */; };
		C5227DE51CCF9ABD003AAF79 /* PassKit.framework in Frameworks */ = {isa = PBXBuildFile; fileRef = C5227DE41CCF9ABD003AAF79 /* PassKit.framework */; };
		C5227DE81CCF9AE7003AAF79 /* Finn.pkpass in Resources */ = {isa = PBXBuildFile; fileRef = C5227DE71CCF9AE7003AAF79 /* Finn.pkpass */; };
		C537744D1CCCAEFA00525B44 /* vid0.mp4 in Resources */ = {isa = PBXBuildFile; fileRef = C537744C1CCCAEFA00525B44 /* vid0.mp4 */; };
		C548DF071CCE670E00B32507 /* MapViewController.swift in Sources */ = {isa = PBXBuildFile; fileRef = C548DF061CCE670E00B32507 /* MapViewController.swift */; };
		C548DF091CCE743D00B32507 /* IntroViewController.swift in Sources */ = {isa = PBXBuildFile; fileRef = C548DF081CCE743D00B32507 /* IntroViewController.swift */; };
		C58CFE261CCFBE4700CEA755 /* AppStoreWidget.swift in Sources */ = {isa = PBXBuildFile; fileRef = C58CFE251CCFBE4700CEA755 /* AppStoreWidget.swift */; };
		C58CFE291CCFDE0200CEA755 /* icon0.png in Resources */ = {isa = PBXBuildFile; fileRef = C58CFE281CCFDE0200CEA755 /* icon0.png */; };
		C58CFE2E1CCFEBE800CEA755 /* icon3.png in Resources */ = {isa = PBXBuildFile; fileRef = C58CFE2B1CCFEBE800CEA755 /* icon3.png */; };
		C58CFE2F1CCFEBE800CEA755 /* icon4.png in Resources */ = {isa = PBXBuildFile; fileRef = C58CFE2C1CCFEBE800CEA755 /* icon4.png */; };
		C58CFE311CCFEBFC00CEA755 /* icon1.png in Resources */ = {isa = PBXBuildFile; fileRef = C58CFE301CCFEBFC00CEA755 /* icon1.png */; };
		C5B9B2741CC8FC6F00EA75F7 /* AppDelegate.swift in Sources */ = {isa = PBXBuildFile; fileRef = C5B9B2731CC8FC6F00EA75F7 /* AppDelegate.swift */; };
		C5B9B2761CC8FC6F00EA75F7 /* MasterViewController.swift in Sources */ = {isa = PBXBuildFile; fileRef = C5B9B2751CC8FC6F00EA75F7 /* MasterViewController.swift */; };
		C5B9B2781CC8FC6F00EA75F7 /* DetailViewController.swift in Sources */ = {isa = PBXBuildFile; fileRef = C5B9B2771CC8FC6F00EA75F7 /* DetailViewController.swift */; };
		C5B9B27B1CC8FC6F00EA75F7 /* Main.storyboard in Resources */ = {isa = PBXBuildFile; fileRef = C5B9B2791CC8FC6F00EA75F7 /* Main.storyboard */; };
		C5B9B27D1CC8FC6F00EA75F7 /* Assets.xcassets in Resources */ = {isa = PBXBuildFile; fileRef = C5B9B27C1CC8FC6F00EA75F7 /* Assets.xcassets */; };
		C5B9B2801CC8FC6F00EA75F7 /* LaunchScreen.storyboard in Resources */ = {isa = PBXBuildFile; fileRef = C5B9B27E1CC8FC6F00EA75F7 /* LaunchScreen.storyboard */; };
		C5B9B28B1CC8FC6F00EA75F7 /* Finn_GaidaTests.swift in Sources */ = {isa = PBXBuildFile; fileRef = C5B9B28A1CC8FC6F00EA75F7 /* Finn_GaidaTests.swift */; };
		C5B9B2961CC9123500EA75F7 /* PreviewViewController.swift in Sources */ = {isa = PBXBuildFile; fileRef = C5B9B2951CC9123500EA75F7 /* PreviewViewController.swift */; };
		C5B9B2981CC9169900EA75F7 /* GifCell.swift in Sources */ = {isa = PBXBuildFile; fileRef = C5B9B2971CC9169900EA75F7 /* GifCell.swift */; };
		C5C900011CCDFCB50016B28F /* KeyboardConnector.swift in Sources */ = {isa = PBXBuildFile; fileRef = C5C9FFEF1CCDFCB50016B28F /* KeyboardConnector.swift */; };
		C5C900021CCDFCB50016B28F /* KeyboardInputTraits.swift in Sources */ = {isa = PBXBuildFile; fileRef = C5C9FFF01CCDFCB50016B28F /* KeyboardInputTraits.swift */; };
		C5C900031CCDFCB50016B28F /* KeyboardKey.swift in Sources */ = {isa = PBXBuildFile; fileRef = C5C9FFF11CCDFCB50016B28F /* KeyboardKey.swift */; };
		C5C900041CCDFCB50016B28F /* KeyboardKeyBackground.swift in Sources */ = {isa = PBXBuildFile; fileRef = C5C9FFF21CCDFCB50016B28F /* KeyboardKeyBackground.swift */; };
		C5C900051CCDFCB50016B28F /* KeyboardLayout.swift in Sources */ = {isa = PBXBuildFile; fileRef = C5C9FFF31CCDFCB50016B28F /* KeyboardLayout.swift */; };
		C5C900061CCDFCB50016B28F /* KeyboardModel.swift in Sources */ = {isa = PBXBuildFile; fileRef = C5C9FFF41CCDFCB50016B28F /* KeyboardModel.swift */; };
		C5C900071CCDFCB50016B28F /* KeyboardViewController.swift in Sources */ = {isa = PBXBuildFile; fileRef = C5C9FFF51CCDFCB50016B28F /* KeyboardViewController.swift */; };
		C5C900081CCDFCB50016B28F /* Shapes.swift in Sources */ = {isa = PBXBuildFile; fileRef = C5C9FFF61CCDFCB50016B28F /* Shapes.swift */; };
		C5C900091CCDFCB50016B28F /* Utilities.swift in Sources */ = {isa = PBXBuildFile; fileRef = C5C9FFF71CCDFCB50016B28F /* Utilities.swift */; };
		C5C9000D1CCDFE700016B28F /* KeyboardWidget.swift in Sources */ = {isa = PBXBuildFile; fileRef = C5C9000C1CCDFE700016B28F /* KeyboardWidget.swift */; };
		C5C9FFC21CCCF4280016B28F /* vid8.mp4 in Resources */ = {isa = PBXBuildFile; fileRef = C5C9FFBC1CCCF4280016B28F /* vid8.mp4 */; };
		C5C9FFC31CCCF4280016B28F /* vid4.mp4 in Resources */ = {isa = PBXBuildFile; fileRef = C5C9FFBD1CCCF4280016B28F /* vid4.mp4 */; };
		C5C9FFC41CCCF4280016B28F /* vid7.mp4 in Resources */ = {isa = PBXBuildFile; fileRef = C5C9FFBE1CCCF4280016B28F /* vid7.mp4 */; };
		C5C9FFC51CCCF4280016B28F /* vid1.mp4 in Resources */ = {isa = PBXBuildFile; fileRef = C5C9FFBF1CCCF4280016B28F /* vid1.mp4 */; };
		C5C9FFC61CCCF4280016B28F /* vid2.mp4 in Resources */ = {isa = PBXBuildFile; fileRef = C5C9FFC01CCCF4280016B28F /* vid2.mp4 */; };
		C5C9FFC71CCCF4280016B28F /* vid5.mp4 in Resources */ = {isa = PBXBuildFile; fileRef = C5C9FFC11CCCF4280016B28F /* vid5.mp4 */; };
		C5C9FFC91CCD05020016B28F /* FGSunUpWidget.swift in Sources */ = {isa = PBXBuildFile; fileRef = C5C9FFC81CCD05020016B28F /* FGSunUpWidget.swift */; };
		C5C9FFCB1CCD23520016B28F /* vid3.mp4 in Resources */ = {isa = PBXBuildFile; fileRef = C5C9FFCA1CCD23520016B28F /* vid3.mp4 */; };
		C5C9FFCD1CCD248E0016B28F /* vid6.mp4 in Resources */ = {isa = PBXBuildFile; fileRef = C5C9FFCC1CCD248E0016B28F /* vid6.mp4 */; };
		C5C9FFE11CCD30540016B28F /* AppBoxWidget.swift in Sources */ = {isa = PBXBuildFile; fileRef = C5C9FFE01CCD30540016B28F /* AppBoxWidget.swift */; };
		C5C9FFE31CCD5EEE0016B28F /* SAConfettiView.swift in Sources */ = {isa = PBXBuildFile; fileRef = C5C9FFE21CCD5EED0016B28F /* SAConfettiView.swift */; };
		C5C9FFF91CCDFCB50016B28F /* DefaultKeyboard.swift in Sources */ = {isa = PBXBuildFile; fileRef = C5C9FFE71CCDFCB50016B28F /* DefaultKeyboard.swift */; };
		C5C9FFFA1CCDFCB50016B28F /* DefaultSettings.swift in Sources */ = {isa = PBXBuildFile; fileRef = C5C9FFE81CCDFCB50016B28F /* DefaultSettings.swift */; };
		C5C9FFFB1CCDFCB50016B28F /* DefaultSettings.xib in Resources */ = {isa = PBXBuildFile; fileRef = C5C9FFE91CCDFCB50016B28F /* DefaultSettings.xib */; };
		C5C9FFFC1CCDFCB50016B28F /* DirectionEnum.swift in Sources */ = {isa = PBXBuildFile; fileRef = C5C9FFEA1CCDFCB50016B28F /* DirectionEnum.swift */; };
		C5C9FFFD1CCDFCB50016B28F /* ExtraView.swift in Sources */ = {isa = PBXBuildFile; fileRef = C5C9FFEB1CCDFCB50016B28F /* ExtraView.swift */; };
		C5C9FFFE1CCDFCB50016B28F /* ForwardingView.swift in Sources */ = {isa = PBXBuildFile; fileRef = C5C9FFEC1CCDFCB50016B28F /* ForwardingView.swift */; };
		C5C9FFFF1CCDFCB50016B28F /* ImageKey.swift in Sources */ = {isa = PBXBuildFile; fileRef = C5C9FFED1CCDFCB50016B28F /* ImageKey.swift */; };
		C5F6F6AF1CD2079F00DC9C7E /* vid9.mp4 in Resources */ = {isa = PBXBuildFile; fileRef = C5F6F6AE1CD2079F00DC9C7E /* vid9.mp4 */; };
		C5F6F6BA1CD211BF00DC9C7E /* vid8.png in Resources */ = {isa = PBXBuildFile; fileRef = C5F6F6B01CD211BF00DC9C7E /* vid8.png */; };
		C5F6F6BB1CD211BF00DC9C7E /* vid9.png in Resources */ = {isa = PBXBuildFile; fileRef = C5F6F6B11CD211BF00DC9C7E /* vid9.png */; };
		C5F6F6BC1CD211BF00DC9C7E /* vid4.png in Resources */ = {isa = PBXBuildFile; fileRef = C5F6F6B21CD211BF00DC9C7E /* vid4.png */; };
		C5F6F6BD1CD211BF00DC9C7E /* vid5.png in Resources */ = {isa = PBXBuildFile; fileRef = C5F6F6B31CD211BF00DC9C7E /* vid5.png */; };
		C5F6F6BE1CD211BF00DC9C7E /* vid6.png in Resources */ = {isa = PBXBuildFile; fileRef = C5F6F6B41CD211BF00DC9C7E /* vid6.png */; };
		C5F6F6BF1CD211BF00DC9C7E /* vid7.png in Resources */ = {isa = PBXBuildFile; fileRef = C5F6F6B51CD211BF00DC9C7E /* vid7.png */; };
		C5F6F6C01CD211BF00DC9C7E /* vid3.png in Resources */ = {isa = PBXBuildFile; fileRef = C5F6F6B61CD211BF00DC9C7E /* vid3.png */; };
		C5F6F6C11CD211BF00DC9C7E /* vid2.png in Resources */ = {isa = PBXBuildFile; fileRef = C5F6F6B71CD211BF00DC9C7E /* vid2.png */; };
		C5F6F6C21CD211BF00DC9C7E /* vid1.png in Resources */ = {isa = PBXBuildFile; fileRef = C5F6F6B81CD211BF00DC9C7E /* vid1.png */; };
		C5F6F6C31CD211BF00DC9C7E /* vid0.png in Resources */ = {isa = PBXBuildFile; fileRef = C5F6F6B91CD211BF00DC9C7E /* vid0.png */; };
		C5F6F6C81CD225E100DC9C7E /* pic2.jpg in Resources */ = {isa = PBXBuildFile; fileRef = C5F6F6C41CD225E100DC9C7E /* pic2.jpg */; };
		C5F6F6C91CD225E100DC9C7E /* pic1.jpg in Resources */ = {isa = PBXBuildFile; fileRef = C5F6F6C51CD225E100DC9C7E /* pic1.jpg */; };
		C5F6F6CA1CD225E100DC9C7E /* pic4.jpg in Resources */ = {isa = PBXBuildFile; fileRef = C5F6F6C61CD225E100DC9C7E /* pic4.jpg */; };
		C5F6F6CB1CD225E100DC9C7E /* pic3.jpg in Resources */ = {isa = PBXBuildFile; fileRef = C5F6F6C71CD225E100DC9C7E /* pic3.jpg */; };
		C5F6F6CD1CD2274000DC9C7E /* vid10.mp4 in Resources */ = {isa = PBXBuildFile; fileRef = C5F6F6CC1CD2274000DC9C7E /* vid10.mp4 */; };
		C5F6F6CF1CD2279700DC9C7E /* vid10.png in Resources */ = {isa = PBXBuildFile; fileRef = C5F6F6CE1CD2279700DC9C7E /* vid10.png */; };
/* End PBXBuildFile section */

/* Begin PBXContainerItemProxy section */
		C5B9B2871CC8FC6F00EA75F7 /* PBXContainerItemProxy */ = {
			isa = PBXContainerItemProxy;
			containerPortal = C5B9B2681CC8FC6E00EA75F7 /* Project object */;
			proxyType = 1;
			remoteGlobalIDString = C5B9B26F1CC8FC6F00EA75F7;
			remoteInfo = "Finn Gaida";
		};
/* End PBXContainerItemProxy section */

/* Begin PBXFileReference section */
		60543D548E7C5D55262721BF /* Pods-Finn Gaida.debug.xcconfig */ = {isa = PBXFileReference; includeInIndex = 1; lastKnownFileType = text.xcconfig; name = "Pods-Finn Gaida.debug.xcconfig"; path = "Pods/Target Support Files/Pods-Finn Gaida/Pods-Finn Gaida.debug.xcconfig"; sourceTree = "<group>"; };
		8081B27D31D64FFF2DEAD293 /* Pods-Finn GaidaTests.release.xcconfig */ = {isa = PBXFileReference; includeInIndex = 1; lastKnownFileType = text.xcconfig; name = "Pods-Finn GaidaTests.release.xcconfig"; path = "Pods/Target Support Files/Pods-Finn GaidaTests/Pods-Finn GaidaTests.release.xcconfig"; sourceTree = "<group>"; };
		B82D0C409712E1AF8AF4A366 /* Pods_Finn_Gaida.framework */ = {isa = PBXFileReference; explicitFileType = wrapper.framework; includeInIndex = 0; path = Pods_Finn_Gaida.framework; sourceTree = BUILT_PRODUCTS_DIR; };
		C5056CAC1CC940AE00F423AC /* JPEG.swift */ = {isa = PBXFileReference; fileEncoding = 4; lastKnownFileType = sourcecode.swift; path = JPEG.swift; sourceTree = "<group>"; };
		C5056CAD1CC940AE00F423AC /* QuickTimeMov.swift */ = {isa = PBXFileReference; fileEncoding = 4; lastKnownFileType = sourcecode.swift; path = QuickTimeMov.swift; sourceTree = "<group>"; };
		C5056CB01CC9414800F423AC /* ImageSorcery.swift */ = {isa = PBXFileReference; fileEncoding = 4; lastKnownFileType = sourcecode.swift; path = ImageSorcery.swift; sourceTree = "<group>"; };
		C513AD6E1CD0A7AC0031B881 /* icon2.png */ = {isa = PBXFileReference; lastKnownFileType = image.png; path = icon2.png; sourceTree = "<group>"; };
		C513AD701CD115670031B881 /* PanoramaView.swift */ = {isa = PBXFileReference; fileEncoding = 4; lastKnownFileType = sourcecode.swift; path = PanoramaView.swift; sourceTree = "<group>"; };
		C513AD721CD115750031B881 /* WWDCWidget.swift */ = {isa = PBXFileReference; fileEncoding = 4; lastKnownFileType = sourcecode.swift; path = WWDCWidget.swift; sourceTree = "<group>"; };
		C513AD741CD115C50031B881 /* pan.jpg */ = {isa = PBXFileReference; lastKnownFileType = image.jpeg; path = pan.jpg; sourceTree = "<group>"; };
		C513AD761CD117CA0031B881 /* ImageWidget.swift */ = {isa = PBXFileReference; fileEncoding = 4; lastKnownFileType = sourcecode.swift; path = ImageWidget.swift; sourceTree = "<group>"; };
		C513AD781CD11AEB0031B881 /* report1.png */ = {isa = PBXFileReference; lastKnownFileType = image.png; path = report1.png; sourceTree = "<group>"; };
		C513AD791CD11AEB0031B881 /* report2.png */ = {isa = PBXFileReference; lastKnownFileType = image.png; path = report2.png; sourceTree = "<group>"; };
		C513AD7C1CD1FDBC0031B881 /* SafariWidget.swift */ = {isa = PBXFileReference; fileEncoding = 4; lastKnownFileType = sourcecode.swift; path = SafariWidget.swift; sourceTree = "<group>"; };
		C5227DE41CCF9ABD003AAF79 /* PassKit.framework */ = {isa = PBXFileReference; lastKnownFileType = wrapper.framework; name = PassKit.framework; path = System/Library/Frameworks/PassKit.framework; sourceTree = SDKROOT; };
		C5227DE61CCF9ABD003AAF79 /* Finn Gaida.entitlements */ = {isa = PBXFileReference; lastKnownFileType = text.xml; path = "Finn Gaida.entitlements"; sourceTree = "<group>"; };
		C5227DE71CCF9AE7003AAF79 /* Finn.pkpass */ = {isa = PBXFileReference; lastKnownFileType = file; path = Finn.pkpass; sourceTree = "<group>"; };
		C537744C1CCCAEFA00525B44 /* vid0.mp4 */ = {isa = PBXFileReference; lastKnownFileType = file; path = vid0.mp4; sourceTree = "<group>"; };
		C548DF061CCE670E00B32507 /* MapViewController.swift */ = {isa = PBXFileReference; fileEncoding = 4; lastKnownFileType = sourcecode.swift; path = MapViewController.swift; sourceTree = "<group>"; };
		C548DF081CCE743D00B32507 /* IntroViewController.swift */ = {isa = PBXFileReference; fileEncoding = 4; lastKnownFileType = sourcecode.swift; path = IntroViewController.swift; sourceTree = "<group>"; };
		C58CFE251CCFBE4700CEA755 /* AppStoreWidget.swift */ = {isa = PBXFileReference; fileEncoding = 4; lastKnownFileType = sourcecode.swift; path = AppStoreWidget.swift; sourceTree = "<group>"; };
		C58CFE281CCFDE0200CEA755 /* icon0.png */ = {isa = PBXFileReference; lastKnownFileType = image.png; path = icon0.png; sourceTree = "<group>"; };
		C58CFE2B1CCFEBE800CEA755 /* icon3.png */ = {isa = PBXFileReference; lastKnownFileType = image.png; path = icon3.png; sourceTree = "<group>"; };
		C58CFE2C1CCFEBE800CEA755 /* icon4.png */ = {isa = PBXFileReference; lastKnownFileType = image.png; path = icon4.png; sourceTree = "<group>"; };
		C58CFE301CCFEBFC00CEA755 /* icon1.png */ = {isa = PBXFileReference; lastKnownFileType = image.png; path = icon1.png; sourceTree = "<group>"; };
		C5B9B2701CC8FC6F00EA75F7 /* Finn Gaida.app */ = {isa = PBXFileReference; explicitFileType = wrapper.application; includeInIndex = 0; path = "Finn Gaida.app"; sourceTree = BUILT_PRODUCTS_DIR; };
		C5B9B2731CC8FC6F00EA75F7 /* AppDelegate.swift */ = {isa = PBXFileReference; lastKnownFileType = sourcecode.swift; path = AppDelegate.swift; sourceTree = "<group>"; };
		C5B9B2751CC8FC6F00EA75F7 /* MasterViewController.swift */ = {isa = PBXFileReference; lastKnownFileType = sourcecode.swift; path = MasterViewController.swift; sourceTree = "<group>"; };
		C5B9B2771CC8FC6F00EA75F7 /* DetailViewController.swift */ = {isa = PBXFileReference; lastKnownFileType = sourcecode.swift; path = DetailViewController.swift; sourceTree = "<group>"; };
		C5B9B27A1CC8FC6F00EA75F7 /* Base */ = {isa = PBXFileReference; lastKnownFileType = file.storyboard; name = Base; path = Base.lproj/Main.storyboard; sourceTree = "<group>"; };
		C5B9B27C1CC8FC6F00EA75F7 /* Assets.xcassets */ = {isa = PBXFileReference; lastKnownFileType = folder.assetcatalog; path = Assets.xcassets; sourceTree = "<group>"; };
		C5B9B27F1CC8FC6F00EA75F7 /* Base */ = {isa = PBXFileReference; lastKnownFileType = file.storyboard; name = Base; path = Base.lproj/LaunchScreen.storyboard; sourceTree = "<group>"; };
		C5B9B2811CC8FC6F00EA75F7 /* Info.plist */ = {isa = PBXFileReference; lastKnownFileType = text.plist.xml; path = Info.plist; sourceTree = "<group>"; };
		C5B9B2861CC8FC6F00EA75F7 /* Finn GaidaTests.xctest */ = {isa = PBXFileReference; explicitFileType = wrapper.cfbundle; includeInIndex = 0; path = "Finn GaidaTests.xctest"; sourceTree = BUILT_PRODUCTS_DIR; };
		C5B9B28A1CC8FC6F00EA75F7 /* Finn_GaidaTests.swift */ = {isa = PBXFileReference; lastKnownFileType = sourcecode.swift; path = Finn_GaidaTests.swift; sourceTree = "<group>"; };
		C5B9B28C1CC8FC6F00EA75F7 /* Info.plist */ = {isa = PBXFileReference; lastKnownFileType = text.plist.xml; path = Info.plist; sourceTree = "<group>"; };
		C5B9B2951CC9123500EA75F7 /* PreviewViewController.swift */ = {isa = PBXFileReference; fileEncoding = 4; lastKnownFileType = sourcecode.swift; path = PreviewViewController.swift; sourceTree = "<group>"; };
		C5B9B2971CC9169900EA75F7 /* GifCell.swift */ = {isa = PBXFileReference; fileEncoding = 4; lastKnownFileType = sourcecode.swift; path = GifCell.swift; sourceTree = "<group>"; };
		C5C9000C1CCDFE700016B28F /* KeyboardWidget.swift */ = {isa = PBXFileReference; fileEncoding = 4; lastKnownFileType = sourcecode.swift; path = KeyboardWidget.swift; sourceTree = "<group>"; };
		C5C9FFBC1CCCF4280016B28F /* vid8.mp4 */ = {isa = PBXFileReference; lastKnownFileType = file; path = vid8.mp4; sourceTree = "<group>"; };
		C5C9FFBD1CCCF4280016B28F /* vid4.mp4 */ = {isa = PBXFileReference; lastKnownFileType = file; path = vid4.mp4; sourceTree = "<group>"; };
		C5C9FFBE1CCCF4280016B28F /* vid7.mp4 */ = {isa = PBXFileReference; lastKnownFileType = file; path = vid7.mp4; sourceTree = "<group>"; };
		C5C9FFBF1CCCF4280016B28F /* vid1.mp4 */ = {isa = PBXFileReference; lastKnownFileType = file; path = vid1.mp4; sourceTree = "<group>"; };
		C5C9FFC01CCCF4280016B28F /* vid2.mp4 */ = {isa = PBXFileReference; lastKnownFileType = file; path = vid2.mp4; sourceTree = "<group>"; };
		C5C9FFC11CCCF4280016B28F /* vid5.mp4 */ = {isa = PBXFileReference; lastKnownFileType = file; path = vid5.mp4; sourceTree = "<group>"; };
		C5C9FFC81CCD05020016B28F /* FGSunUpWidget.swift */ = {isa = PBXFileReference; fileEncoding = 4; lastKnownFileType = sourcecode.swift; path = FGSunUpWidget.swift; sourceTree = "<group>"; };
		C5C9FFCA1CCD23520016B28F /* vid3.mp4 */ = {isa = PBXFileReference; lastKnownFileType = file; path = vid3.mp4; sourceTree = "<group>"; };
		C5C9FFCC1CCD248E0016B28F /* vid6.mp4 */ = {isa = PBXFileReference; lastKnownFileType = file; path = vid6.mp4; sourceTree = "<group>"; };
		C5C9FFE01CCD30540016B28F /* AppBoxWidget.swift */ = {isa = PBXFileReference; fileEncoding = 4; lastKnownFileType = sourcecode.swift; path = AppBoxWidget.swift; sourceTree = "<group>"; };
		C5C9FFE21CCD5EED0016B28F /* SAConfettiView.swift */ = {isa = PBXFileReference; fileEncoding = 4; lastKnownFileType = sourcecode.swift; path = SAConfettiView.swift; sourceTree = "<group>"; };
		C5C9FFE71CCDFCB50016B28F /* DefaultKeyboard.swift */ = {isa = PBXFileReference; fileEncoding = 4; lastKnownFileType = sourcecode.swift; path = DefaultKeyboard.swift; sourceTree = "<group>"; };
		C5C9FFE81CCDFCB50016B28F /* DefaultSettings.swift */ = {isa = PBXFileReference; fileEncoding = 4; lastKnownFileType = sourcecode.swift; path = DefaultSettings.swift; sourceTree = "<group>"; };
		C5C9FFE91CCDFCB50016B28F /* DefaultSettings.xib */ = {isa = PBXFileReference; fileEncoding = 4; lastKnownFileType = file.xib; path = DefaultSettings.xib; sourceTree = "<group>"; };
		C5C9FFEA1CCDFCB50016B28F /* DirectionEnum.swift */ = {isa = PBXFileReference; fileEncoding = 4; lastKnownFileType = sourcecode.swift; path = DirectionEnum.swift; sourceTree = "<group>"; };
		C5C9FFEB1CCDFCB50016B28F /* ExtraView.swift */ = {isa = PBXFileReference; fileEncoding = 4; lastKnownFileType = sourcecode.swift; path = ExtraView.swift; sourceTree = "<group>"; };
		C5C9FFEC1CCDFCB50016B28F /* ForwardingView.swift */ = {isa = PBXFileReference; fileEncoding = 4; lastKnownFileType = sourcecode.swift; path = ForwardingView.swift; sourceTree = "<group>"; };
		C5C9FFED1CCDFCB50016B28F /* ImageKey.swift */ = {isa = PBXFileReference; fileEncoding = 4; lastKnownFileType = sourcecode.swift; path = ImageKey.swift; sourceTree = "<group>"; };
		C5C9FFEF1CCDFCB50016B28F /* KeyboardConnector.swift */ = {isa = PBXFileReference; fileEncoding = 4; lastKnownFileType = sourcecode.swift; path = KeyboardConnector.swift; sourceTree = "<group>"; };
		C5C9FFF01CCDFCB50016B28F /* KeyboardInputTraits.swift */ = {isa = PBXFileReference; fileEncoding = 4; lastKnownFileType = sourcecode.swift; path = KeyboardInputTraits.swift; sourceTree = "<group>"; };
		C5C9FFF11CCDFCB50016B28F /* KeyboardKey.swift */ = {isa = PBXFileReference; fileEncoding = 4; lastKnownFileType = sourcecode.swift; path = KeyboardKey.swift; sourceTree = "<group>"; };
		C5C9FFF21CCDFCB50016B28F /* KeyboardKeyBackground.swift */ = {isa = PBXFileReference; fileEncoding = 4; lastKnownFileType = sourcecode.swift; path = KeyboardKeyBackground.swift; sourceTree = "<group>"; };
		C5C9FFF31CCDFCB50016B28F /* KeyboardLayout.swift */ = {isa = PBXFileReference; fileEncoding = 4; lastKnownFileType = sourcecode.swift; path = KeyboardLayout.swift; sourceTree = "<group>"; };
		C5C9FFF41CCDFCB50016B28F /* KeyboardModel.swift */ = {isa = PBXFileReference; fileEncoding = 4; lastKnownFileType = sourcecode.swift; path = KeyboardModel.swift; sourceTree = "<group>"; };
		C5C9FFF51CCDFCB50016B28F /* KeyboardViewController.swift */ = {isa = PBXFileReference; fileEncoding = 4; lastKnownFileType = sourcecode.swift; path = KeyboardViewController.swift; sourceTree = "<group>"; };
		C5C9FFF61CCDFCB50016B28F /* Shapes.swift */ = {isa = PBXFileReference; fileEncoding = 4; lastKnownFileType = sourcecode.swift; path = Shapes.swift; sourceTree = "<group>"; };
		C5C9FFF71CCDFCB50016B28F /* Utilities.swift */ = {isa = PBXFileReference; fileEncoding = 4; lastKnownFileType = sourcecode.swift; path = Utilities.swift; sourceTree = "<group>"; };
		C5F6F6AE1CD2079F00DC9C7E /* vid9.mp4 */ = {isa = PBXFileReference; lastKnownFileType = file; path = vid9.mp4; sourceTree = "<group>"; };
		C5F6F6B01CD211BF00DC9C7E /* vid8.png */ = {isa = PBXFileReference; lastKnownFileType = image.png; path = vid8.png; sourceTree = "<group>"; };
		C5F6F6B11CD211BF00DC9C7E /* vid9.png */ = {isa = PBXFileReference; lastKnownFileType = image.png; path = vid9.png; sourceTree = "<group>"; };
		C5F6F6B21CD211BF00DC9C7E /* vid4.png */ = {isa = PBXFileReference; lastKnownFileType = image.png; path = vid4.png; sourceTree = "<group>"; };
		C5F6F6B31CD211BF00DC9C7E /* vid5.png */ = {isa = PBXFileReference; lastKnownFileType = image.png; path = vid5.png; sourceTree = "<group>"; };
		C5F6F6B41CD211BF00DC9C7E /* vid6.png */ = {isa = PBXFileReference; lastKnownFileType = image.png; path = vid6.png; sourceTree = "<group>"; };
		C5F6F6B51CD211BF00DC9C7E /* vid7.png */ = {isa = PBXFileReference; lastKnownFileType = image.png; path = vid7.png; sourceTree = "<group>"; };
		C5F6F6B61CD211BF00DC9C7E /* vid3.png */ = {isa = PBXFileReference; lastKnownFileType = image.png; path = vid3.png; sourceTree = "<group>"; };
		C5F6F6B71CD211BF00DC9C7E /* vid2.png */ = {isa = PBXFileReference; lastKnownFileType = image.png; path = vid2.png; sourceTree = "<group>"; };
		C5F6F6B81CD211BF00DC9C7E /* vid1.png */ = {isa = PBXFileReference; lastKnownFileType = image.png; path = vid1.png; sourceTree = "<group>"; };
		C5F6F6B91CD211BF00DC9C7E /* vid0.png */ = {isa = PBXFileReference; lastKnownFileType = image.png; path = vid0.png; sourceTree = "<group>"; };
		C5F6F6C41CD225E100DC9C7E /* pic2.jpg */ = {isa = PBXFileReference; lastKnownFileType = image.jpeg; path = pic2.jpg; sourceTree = "<group>"; };
		C5F6F6C51CD225E100DC9C7E /* pic1.jpg */ = {isa = PBXFileReference; lastKnownFileType = image.jpeg; path = pic1.jpg; sourceTree = "<group>"; };
		C5F6F6C61CD225E100DC9C7E /* pic4.jpg */ = {isa = PBXFileReference; lastKnownFileType = image.jpeg; path = pic4.jpg; sourceTree = "<group>"; };
		C5F6F6C71CD225E100DC9C7E /* pic3.jpg */ = {isa = PBXFileReference; lastKnownFileType = image.jpeg; path = pic3.jpg; sourceTree = "<group>"; };
		C5F6F6CC1CD2274000DC9C7E /* vid10.mp4 */ = {isa = PBXFileReference; lastKnownFileType = file; path = vid10.mp4; sourceTree = "<group>"; };
		C5F6F6CE1CD2279700DC9C7E /* vid10.png */ = {isa = PBXFileReference; lastKnownFileType = image.png; path = vid10.png; sourceTree = "<group>"; };
		DD475C24D1CFD4E2E913D68A /* Pods-Finn GaidaTests.debug.xcconfig */ = {isa = PBXFileReference; includeInIndex = 1; lastKnownFileType = text.xcconfig; name = "Pods-Finn GaidaTests.debug.xcconfig"; path = "Pods/Target Support Files/Pods-Finn GaidaTests/Pods-Finn GaidaTests.debug.xcconfig"; sourceTree = "<group>"; };
		ECDEBC2BB93134848C90CB56 /* Pods_Finn_GaidaTests.framework */ = {isa = PBXFileReference; explicitFileType = wrapper.framework; includeInIndex = 0; path = Pods_Finn_GaidaTests.framework; sourceTree = BUILT_PRODUCTS_DIR; };
		F7AACF0E75370ABA3E4DD000 /* Pods-Finn Gaida.release.xcconfig */ = {isa = PBXFileReference; includeInIndex = 1; lastKnownFileType = text.xcconfig; name = "Pods-Finn Gaida.release.xcconfig"; path = "Pods/Target Support Files/Pods-Finn Gaida/Pods-Finn Gaida.release.xcconfig"; sourceTree = "<group>"; };
/* End PBXFileReference section */

/* Begin PBXFrameworksBuildPhase section */
		C5B9B26D1CC8FC6F00EA75F7 /* Frameworks */ = {
			isa = PBXFrameworksBuildPhase;
			buildActionMask = 2147483647;
			files = (
				C5227DE51CCF9ABD003AAF79 /* PassKit.framework in Frameworks */,
				8337F55C2C1CA7A69EF30C91 /* Pods_Finn_Gaida.framework in Frameworks */,
			);
			runOnlyForDeploymentPostprocessing = 0;
		};
		C5B9B2831CC8FC6F00EA75F7 /* Frameworks */ = {
			isa = PBXFrameworksBuildPhase;
			buildActionMask = 2147483647;
			files = (
				9A19F82F11C072A257E84B31 /* Pods_Finn_GaidaTests.framework in Frameworks */,
			);
			runOnlyForDeploymentPostprocessing = 0;
		};
/* End PBXFrameworksBuildPhase section */

/* Begin PBXGroup section */
		18D82D18CAB78595CC9D3BA9 /* Pods */ = {
			isa = PBXGroup;
			children = (
				60543D548E7C5D55262721BF /* Pods-Finn Gaida.debug.xcconfig */,
				F7AACF0E75370ABA3E4DD000 /* Pods-Finn Gaida.release.xcconfig */,
				DD475C24D1CFD4E2E913D68A /* Pods-Finn GaidaTests.debug.xcconfig */,
				8081B27D31D64FFF2DEAD293 /* Pods-Finn GaidaTests.release.xcconfig */,
			);
			name = Pods;
			sourceTree = "<group>";
		};
		B1F8D806FF8A189B1CD2CA5E /* Frameworks */ = {
			isa = PBXGroup;
			children = (
				C5227DE41CCF9ABD003AAF79 /* PassKit.framework */,
				B82D0C409712E1AF8AF4A366 /* Pods_Finn_Gaida.framework */,
				ECDEBC2BB93134848C90CB56 /* Pods_Finn_GaidaTests.framework */,
			);
			name = Frameworks;
			sourceTree = "<group>";
		};
		C5056CB41CC9434900F423AC /* Videos */ = {
			isa = PBXGroup;
			children = (
				C5F6F6C51CD225E100DC9C7E /* pic1.jpg */,
				C5F6F6C41CD225E100DC9C7E /* pic2.jpg */,
				C5F6F6C71CD225E100DC9C7E /* pic3.jpg */,
				C5F6F6C61CD225E100DC9C7E /* pic4.jpg */,
				C513AD781CD11AEB0031B881 /* report1.png */,
				C513AD791CD11AEB0031B881 /* report2.png */,
				C513AD741CD115C50031B881 /* pan.jpg */,
				C58CFE281CCFDE0200CEA755 /* icon0.png */,
				C58CFE301CCFEBFC00CEA755 /* icon1.png */,
				C513AD6E1CD0A7AC0031B881 /* icon2.png */,
				C58CFE2B1CCFEBE800CEA755 /* icon3.png */,
				C58CFE2C1CCFEBE800CEA755 /* icon4.png */,
				C537744C1CCCAEFA00525B44 /* vid0.mp4 */,
				C5F6F6B91CD211BF00DC9C7E /* vid0.png */,
				C5C9FFBF1CCCF4280016B28F /* vid1.mp4 */,
				C5F6F6B81CD211BF00DC9C7E /* vid1.png */,
				C5C9FFC01CCCF4280016B28F /* vid2.mp4 */,
				C5F6F6B71CD211BF00DC9C7E /* vid2.png */,
				C5C9FFCA1CCD23520016B28F /* vid3.mp4 */,
				C5F6F6B61CD211BF00DC9C7E /* vid3.png */,
				C5C9FFBD1CCCF4280016B28F /* vid4.mp4 */,
				C5F6F6B21CD211BF00DC9C7E /* vid4.png */,
				C5C9FFC11CCCF4280016B28F /* vid5.mp4 */,
				C5F6F6B31CD211BF00DC9C7E /* vid5.png */,
				C5C9FFCC1CCD248E0016B28F /* vid6.mp4 */,
				C5F6F6B41CD211BF00DC9C7E /* vid6.png */,
				C5C9FFBE1CCCF4280016B28F /* vid7.mp4 */,
				C5F6F6B51CD211BF00DC9C7E /* vid7.png */,
				C5C9FFBC1CCCF4280016B28F /* vid8.mp4 */,
				C5F6F6B01CD211BF00DC9C7E /* vid8.png */,
				C5F6F6AE1CD2079F00DC9C7E /* vid9.mp4 */,
				C5F6F6B11CD211BF00DC9C7E /* vid9.png */,
				C5F6F6CE1CD2279700DC9C7E /* vid10.png */,
				C5F6F6CC1CD2274000DC9C7E /* vid10.mp4 */,
			);
			name = Videos;
			sourceTree = "<group>";
		};
		C5B9B2671CC8FC6E00EA75F7 = {
			isa = PBXGroup;
			children = (
				C5B9B2721CC8FC6F00EA75F7 /* Finn Gaida */,
				C5B9B2891CC8FC6F00EA75F7 /* Finn GaidaTests */,
				C5B9B2711CC8FC6F00EA75F7 /* Products */,
				18D82D18CAB78595CC9D3BA9 /* Pods */,
				B1F8D806FF8A189B1CD2CA5E /* Frameworks */,
			);
			sourceTree = "<group>";
		};
		C5B9B2711CC8FC6F00EA75F7 /* Products */ = {
			isa = PBXGroup;
			children = (
				C5B9B2701CC8FC6F00EA75F7 /* Finn Gaida.app */,
				C5B9B2861CC8FC6F00EA75F7 /* Finn GaidaTests.xctest */,
			);
			name = Products;
			sourceTree = "<group>";
		};
		C5B9B2721CC8FC6F00EA75F7 /* Finn Gaida */ = {
			isa = PBXGroup;
			children = (
				C5227DE61CCF9ABD003AAF79 /* Finn Gaida.entitlements */,
				C5056CB41CC9434900F423AC /* Videos */,
				C5C9000E1CCDFE850016B28F /* Other stuff */,
				C5B9B2751CC8FC6F00EA75F7 /* MasterViewController.swift */,
				C5B9B2771CC8FC6F00EA75F7 /* DetailViewController.swift */,
				C5B9B2951CC9123500EA75F7 /* PreviewViewController.swift */,
				C548DF061CCE670E00B32507 /* MapViewController.swift */,
				C548DF081CCE743D00B32507 /* IntroViewController.swift */,
				C5B9B2971CC9169900EA75F7 /* GifCell.swift */,
				C5C9000A1CCDFE580016B28F /* Helpers */,
				C5C9000B1CCDFE5F0016B28F /* Widgets */,
			);
			path = "Finn Gaida";
			sourceTree = "<group>";
		};
		C5B9B2891CC8FC6F00EA75F7 /* Finn GaidaTests */ = {
			isa = PBXGroup;
			children = (
				C5B9B28A1CC8FC6F00EA75F7 /* Finn_GaidaTests.swift */,
				C5B9B28C1CC8FC6F00EA75F7 /* Info.plist */,
			);
			path = "Finn GaidaTests";
			sourceTree = "<group>";
		};
		C5C9000A1CCDFE580016B28F /* Helpers */ = {
			isa = PBXGroup;
			children = (
				C513AD701CD115670031B881 /* PanoramaView.swift */,
				C5056CB01CC9414800F423AC /* ImageSorcery.swift */,
				C5056CAC1CC940AE00F423AC /* JPEG.swift */,
				C5056CAD1CC940AE00F423AC /* QuickTimeMov.swift */,
			);
			name = Helpers;
			sourceTree = "<group>";
		};
		C5C9000B1CCDFE5F0016B28F /* Widgets */ = {
			isa = PBXGroup;
			children = (
				C5C9FFE51CCDFCB50016B28F /* CustomKeyboard */,
				C5C9FFC81CCD05020016B28F /* FGSunUpWidget.swift */,
				C5C9FFE01CCD30540016B28F /* AppBoxWidget.swift */,
				C5C9FFE21CCD5EED0016B28F /* SAConfettiView.swift */,
				C5C9000C1CCDFE700016B28F /* KeyboardWidget.swift */,
				C58CFE251CCFBE4700CEA755 /* AppStoreWidget.swift */,
				C513AD721CD115750031B881 /* WWDCWidget.swift */,
				C513AD761CD117CA0031B881 /* ImageWidget.swift */,
				C513AD7C1CD1FDBC0031B881 /* SafariWidget.swift */,
			);
			name = Widgets;
			sourceTree = "<group>";
		};
		C5C9000E1CCDFE850016B28F /* Other stuff */ = {
			isa = PBXGroup;
			children = (
				C5227DE71CCF9AE7003AAF79 /* Finn.pkpass */,
				C5B9B2731CC8FC6F00EA75F7 /* AppDelegate.swift */,
				C5B9B2791CC8FC6F00EA75F7 /* Main.storyboard */,
				C5B9B27C1CC8FC6F00EA75F7 /* Assets.xcassets */,
				C5B9B27E1CC8FC6F00EA75F7 /* LaunchScreen.storyboard */,
				C5B9B2811CC8FC6F00EA75F7 /* Info.plist */,
			);
			name = "Other stuff";
			sourceTree = "<group>";
		};
		C5C9FFE51CCDFCB50016B28F /* CustomKeyboard */ = {
			isa = PBXGroup;
			children = (
				C5C9FFE71CCDFCB50016B28F /* DefaultKeyboard.swift */,
				C5C9FFE81CCDFCB50016B28F /* DefaultSettings.swift */,
				C5C9FFE91CCDFCB50016B28F /* DefaultSettings.xib */,
				C5C9FFEA1CCDFCB50016B28F /* DirectionEnum.swift */,
				C5C9FFEB1CCDFCB50016B28F /* ExtraView.swift */,
				C5C9FFEC1CCDFCB50016B28F /* ForwardingView.swift */,
				C5C9FFED1CCDFCB50016B28F /* ImageKey.swift */,
				C5C9FFEF1CCDFCB50016B28F /* KeyboardConnector.swift */,
				C5C9FFF01CCDFCB50016B28F /* KeyboardInputTraits.swift */,
				C5C9FFF11CCDFCB50016B28F /* KeyboardKey.swift */,
				C5C9FFF21CCDFCB50016B28F /* KeyboardKeyBackground.swift */,
				C5C9FFF31CCDFCB50016B28F /* KeyboardLayout.swift */,
				C5C9FFF41CCDFCB50016B28F /* KeyboardModel.swift */,
				C5C9FFF51CCDFCB50016B28F /* KeyboardViewController.swift */,
				C5C9FFF61CCDFCB50016B28F /* Shapes.swift */,
				C5C9FFF71CCDFCB50016B28F /* Utilities.swift */,
			);
			path = CustomKeyboard;
			sourceTree = "<group>";
		};
/* End PBXGroup section */

/* Begin PBXNativeTarget section */
		C5B9B26F1CC8FC6F00EA75F7 /* Finn Gaida */ = {
			isa = PBXNativeTarget;
			buildConfigurationList = C5B9B28F1CC8FC6F00EA75F7 /* Build configuration list for PBXNativeTarget "Finn Gaida" */;
			buildPhases = (
				0848D260510E690B45E9053C /* 📦 Check Pods Manifest.lock */,
				C5B9B26C1CC8FC6F00EA75F7 /* Sources */,
				C5B9B26D1CC8FC6F00EA75F7 /* Frameworks */,
				C5B9B26E1CC8FC6F00EA75F7 /* Resources */,
				D65DC0565F021AF0E3E0B0C2 /* 📦 Embed Pods Frameworks */,
				9C14B81ECDF0B863C25ACCE4 /* 📦 Copy Pods Resources */,
			);
			buildRules = (
			);
			dependencies = (
			);
			name = "Finn Gaida";
			productName = "Finn Gaida";
			productReference = C5B9B2701CC8FC6F00EA75F7 /* Finn Gaida.app */;
			productType = "com.apple.product-type.application";
		};
		C5B9B2851CC8FC6F00EA75F7 /* Finn GaidaTests */ = {
			isa = PBXNativeTarget;
			buildConfigurationList = C5B9B2921CC8FC6F00EA75F7 /* Build configuration list for PBXNativeTarget "Finn GaidaTests" */;
			buildPhases = (
				52695B939998947B74E3CB8A /* 📦 Check Pods Manifest.lock */,
				C5B9B2821CC8FC6F00EA75F7 /* Sources */,
				C5B9B2831CC8FC6F00EA75F7 /* Frameworks */,
				C5B9B2841CC8FC6F00EA75F7 /* Resources */,
				C656D9A7E9B8CB9167B8969B /* 📦 Embed Pods Frameworks */,
				C1E9FCA225D9E8D858743AAA /* 📦 Copy Pods Resources */,
			);
			buildRules = (
			);
			dependencies = (
				C5B9B2881CC8FC6F00EA75F7 /* PBXTargetDependency */,
			);
			name = "Finn GaidaTests";
			productName = "Finn GaidaTests";
			productReference = C5B9B2861CC8FC6F00EA75F7 /* Finn GaidaTests.xctest */;
			productType = "com.apple.product-type.bundle.unit-test";
		};
/* End PBXNativeTarget section */

/* Begin PBXProject section */
		C5B9B2681CC8FC6E00EA75F7 /* Project object */ = {
			isa = PBXProject;
			attributes = {
				LastSwiftUpdateCheck = 0730;
				LastUpgradeCheck = 0730;
				ORGANIZATIONNAME = "Finn Gaida";
				TargetAttributes = {
					C5B9B26F1CC8FC6F00EA75F7 = {
						CreatedOnToolsVersion = 7.3;
						DevelopmentTeam = PTHJ3DNH6P;
						SystemCapabilities = {
							com.apple.Wallet = {
								enabled = 1;
							};
						};
					};
					C5B9B2851CC8FC6F00EA75F7 = {
						CreatedOnToolsVersion = 7.3;
						TestTargetID = C5B9B26F1CC8FC6F00EA75F7;
					};
				};
			};
			buildConfigurationList = C5B9B26B1CC8FC6E00EA75F7 /* Build configuration list for PBXProject "Finn Gaida" */;
			compatibilityVersion = "Xcode 3.2";
			developmentRegion = English;
			hasScannedForEncodings = 0;
			knownRegions = (
				en,
				Base,
			);
			mainGroup = C5B9B2671CC8FC6E00EA75F7;
			productRefGroup = C5B9B2711CC8FC6F00EA75F7 /* Products */;
			projectDirPath = "";
			projectRoot = "";
			targets = (
				C5B9B26F1CC8FC6F00EA75F7 /* Finn Gaida */,
				C5B9B2851CC8FC6F00EA75F7 /* Finn GaidaTests */,
			);
		};
/* End PBXProject section */

/* Begin PBXResourcesBuildPhase section */
		C5B9B26E1CC8FC6F00EA75F7 /* Resources */ = {
			isa = PBXResourcesBuildPhase;
			buildActionMask = 2147483647;
			files = (
				C5C9FFC31CCCF4280016B28F /* vid4.mp4 in Resources */,
				C5C9FFFB1CCDFCB50016B28F /* DefaultSettings.xib in Resources */,
				C513AD7B1CD11AEB0031B881 /* report2.png in Resources */,
				C5F6F6AF1CD2079F00DC9C7E /* vid9.mp4 in Resources */,
				C5F6F6BC1CD211BF00DC9C7E /* vid4.png in Resources */,
				C5F6F6C81CD225E100DC9C7E /* pic2.jpg in Resources */,
				C58CFE291CCFDE0200CEA755 /* icon0.png in Resources */,
				C5F6F6BA1CD211BF00DC9C7E /* vid8.png in Resources */,
				C5F6F6BE1CD211BF00DC9C7E /* vid6.png in Resources */,
				C5C9FFC71CCCF4280016B28F /* vid5.mp4 in Resources */,
				C5F6F6BD1CD211BF00DC9C7E /* vid5.png in Resources */,
				C5C9FFC21CCCF4280016B28F /* vid8.mp4 in Resources */,
				C5C9FFC61CCCF4280016B28F /* vid2.mp4 in Resources */,
				C5F6F6C11CD211BF00DC9C7E /* vid2.png in Resources */,
				C5C9FFCD1CCD248E0016B28F /* vid6.mp4 in Resources */,
				C537744D1CCCAEFA00525B44 /* vid0.mp4 in Resources */,
				C513AD7A1CD11AEB0031B881 /* report1.png in Resources */,
				C5B9B2801CC8FC6F00EA75F7 /* LaunchScreen.storyboard in Resources */,
				C5C9FFCB1CCD23520016B28F /* vid3.mp4 in Resources */,
				C5F6F6CF1CD2279700DC9C7E /* vid10.png in Resources */,
				C5F6F6C01CD211BF00DC9C7E /* vid3.png in Resources */,
				C5F6F6BB1CD211BF00DC9C7E /* vid9.png in Resources */,
				C58CFE2F1CCFEBE800CEA755 /* icon4.png in Resources */,
				C5B9B27D1CC8FC6F00EA75F7 /* Assets.xcassets in Resources */,
				C513AD6F1CD0A7AC0031B881 /* icon2.png in Resources */,
				C5F6F6C21CD211BF00DC9C7E /* vid1.png in Resources */,
				C5F6F6C31CD211BF00DC9C7E /* vid0.png in Resources */,
				C5F6F6C91CD225E100DC9C7E /* pic1.jpg in Resources */,
				C5C9FFC41CCCF4280016B28F /* vid7.mp4 in Resources */,
				C5F6F6BF1CD211BF00DC9C7E /* vid7.png in Resources */,
				C58CFE311CCFEBFC00CEA755 /* icon1.png in Resources */,
				C513AD751CD115C50031B881 /* pan.jpg in Resources */,
				C5F6F6CA1CD225E100DC9C7E /* pic4.jpg in Resources */,
				C5C9FFC51CCCF4280016B28F /* vid1.mp4 in Resources */,
				C58CFE2E1CCFEBE800CEA755 /* icon3.png in Resources */,
				C5F6F6CB1CD225E100DC9C7E /* pic3.jpg in Resources */,
				C5F6F6CD1CD2274000DC9C7E /* vid10.mp4 in Resources */,
				C5B9B27B1CC8FC6F00EA75F7 /* Main.storyboard in Resources */,
				C5227DE81CCF9AE7003AAF79 /* Finn.pkpass in Resources */,
			);
			runOnlyForDeploymentPostprocessing = 0;
		};
		C5B9B2841CC8FC6F00EA75F7 /* Resources */ = {
			isa = PBXResourcesBuildPhase;
			buildActionMask = 2147483647;
			files = (
			);
			runOnlyForDeploymentPostprocessing = 0;
		};
/* End PBXResourcesBuildPhase section */

/* Begin PBXShellScriptBuildPhase section */
		0848D260510E690B45E9053C /* 📦 Check Pods Manifest.lock */ = {
			isa = PBXShellScriptBuildPhase;
			buildActionMask = 2147483647;
			files = (
			);
			inputPaths = (
			);
			name = "📦 Check Pods Manifest.lock";
			outputPaths = (
			);
			runOnlyForDeploymentPostprocessing = 0;
			shellPath = /bin/sh;
			shellScript = "diff \"${PODS_ROOT}/../Podfile.lock\" \"${PODS_ROOT}/Manifest.lock\" > /dev/null\nif [[ $? != 0 ]] ; then\n    cat << EOM\nerror: The sandbox is not in sync with the Podfile.lock. Run 'pod install' or update your CocoaPods installation.\nEOM\n    exit 1\nfi\n";
			showEnvVarsInLog = 0;
		};
		52695B939998947B74E3CB8A /* 📦 Check Pods Manifest.lock */ = {
			isa = PBXShellScriptBuildPhase;
			buildActionMask = 2147483647;
			files = (
			);
			inputPaths = (
			);
			name = "📦 Check Pods Manifest.lock";
			outputPaths = (
			);
			runOnlyForDeploymentPostprocessing = 0;
			shellPath = /bin/sh;
			shellScript = "diff \"${PODS_ROOT}/../Podfile.lock\" \"${PODS_ROOT}/Manifest.lock\" > /dev/null\nif [[ $? != 0 ]] ; then\n    cat << EOM\nerror: The sandbox is not in sync with the Podfile.lock. Run 'pod install' or update your CocoaPods installation.\nEOM\n    exit 1\nfi\n";
			showEnvVarsInLog = 0;
		};
		9C14B81ECDF0B863C25ACCE4 /* 📦 Copy Pods Resources */ = {
			isa = PBXShellScriptBuildPhase;
			buildActionMask = 2147483647;
			files = (
			);
			inputPaths = (
			);
			name = "📦 Copy Pods Resources";
			outputPaths = (
			);
			runOnlyForDeploymentPostprocessing = 0;
			shellPath = /bin/sh;
			shellScript = "\"${SRCROOT}/Pods/Target Support Files/Pods-Finn Gaida/Pods-Finn Gaida-resources.sh\"\n";
			showEnvVarsInLog = 0;
		};
		C1E9FCA225D9E8D858743AAA /* 📦 Copy Pods Resources */ = {
			isa = PBXShellScriptBuildPhase;
			buildActionMask = 2147483647;
			files = (
			);
			inputPaths = (
			);
			name = "📦 Copy Pods Resources";
			outputPaths = (
			);
			runOnlyForDeploymentPostprocessing = 0;
			shellPath = /bin/sh;
			shellScript = "\"${SRCROOT}/Pods/Target Support Files/Pods-Finn GaidaTests/Pods-Finn GaidaTests-resources.sh\"\n";
			showEnvVarsInLog = 0;
		};
		C656D9A7E9B8CB9167B8969B /* 📦 Embed Pods Frameworks */ = {
			isa = PBXShellScriptBuildPhase;
			buildActionMask = 2147483647;
			files = (
			);
			inputPaths = (
			);
			name = "📦 Embed Pods Frameworks";
			outputPaths = (
			);
			runOnlyForDeploymentPostprocessing = 0;
			shellPath = /bin/sh;
			shellScript = "\"${SRCROOT}/Pods/Target Support Files/Pods-Finn GaidaTests/Pods-Finn GaidaTests-frameworks.sh\"\n";
			showEnvVarsInLog = 0;
		};
		D65DC0565F021AF0E3E0B0C2 /* 📦 Embed Pods Frameworks */ = {
			isa = PBXShellScriptBuildPhase;
			buildActionMask = 2147483647;
			files = (
			);
			inputPaths = (
			);
			name = "📦 Embed Pods Frameworks";
			outputPaths = (
			);
			runOnlyForDeploymentPostprocessing = 0;
			shellPath = /bin/sh;
			shellScript = "\"${SRCROOT}/Pods/Target Support Files/Pods-Finn Gaida/Pods-Finn Gaida-frameworks.sh\"\n";
			showEnvVarsInLog = 0;
		};
/* End PBXShellScriptBuildPhase section */

/* Begin PBXSourcesBuildPhase section */
		C5B9B26C1CC8FC6F00EA75F7 /* Sources */ = {
			isa = PBXSourcesBuildPhase;
			buildActionMask = 2147483647;
			files = (
				C5C900021CCDFCB50016B28F /* KeyboardInputTraits.swift in Sources */,
				C5056CAE1CC940AE00F423AC /* JPEG.swift in Sources */,
				C5056CB11CC9414800F423AC /* ImageSorcery.swift in Sources */,
				C5C9FFE31CCD5EEE0016B28F /* SAConfettiView.swift in Sources */,
				C513AD731CD115750031B881 /* WWDCWidget.swift in Sources */,
				C5B9B2781CC8FC6F00EA75F7 /* DetailViewController.swift in Sources */,
				C548DF091CCE743D00B32507 /* IntroViewController.swift in Sources */,
				C5B9B2761CC8FC6F00EA75F7 /* MasterViewController.swift in Sources */,
				C5C900051CCDFCB50016B28F /* KeyboardLayout.swift in Sources */,
				C5C9FFF91CCDFCB50016B28F /* DefaultKeyboard.swift in Sources */,
				C5C900061CCDFCB50016B28F /* KeyboardModel.swift in Sources */,
				C5056CAF1CC940AE00F423AC /* QuickTimeMov.swift in Sources */,
				C5B9B2981CC9169900EA75F7 /* GifCell.swift in Sources */,
				C5C9FFE11CCD30540016B28F /* AppBoxWidget.swift in Sources */,
				C513AD711CD115670031B881 /* PanoramaView.swift in Sources */,
				C5C900041CCDFCB50016B28F /* KeyboardKeyBackground.swift in Sources */,
				C5C900031CCDFCB50016B28F /* KeyboardKey.swift in Sources */,
				C5C9FFFD1CCDFCB50016B28F /* ExtraView.swift in Sources */,
				C5C900091CCDFCB50016B28F /* Utilities.swift in Sources */,
				C513AD771CD117CA0031B881 /* ImageWidget.swift in Sources */,
				C5C9000D1CCDFE700016B28F /* KeyboardWidget.swift in Sources */,
				C5C9FFC91CCD05020016B28F /* FGSunUpWidget.swift in Sources */,
				C5C900071CCDFCB50016B28F /* KeyboardViewController.swift in Sources */,
				C5C9FFFA1CCDFCB50016B28F /* DefaultSettings.swift in Sources */,
				C5C9FFFC1CCDFCB50016B28F /* DirectionEnum.swift in Sources */,
				C5C9FFFF1CCDFCB50016B28F /* ImageKey.swift in Sources */,
				C5B9B2741CC8FC6F00EA75F7 /* AppDelegate.swift in Sources */,
				C5B9B2961CC9123500EA75F7 /* PreviewViewController.swift in Sources */,
				C5C900081CCDFCB50016B28F /* Shapes.swift in Sources */,
				C513AD7D1CD1FDBC0031B881 /* SafariWidget.swift in Sources */,
				C5C900011CCDFCB50016B28F /* KeyboardConnector.swift in Sources */,
				C58CFE261CCFBE4700CEA755 /* AppStoreWidget.swift in Sources */,
				C5C9FFFE1CCDFCB50016B28F /* ForwardingView.swift in Sources */,
				C548DF071CCE670E00B32507 /* MapViewController.swift in Sources */,
			);
			runOnlyForDeploymentPostprocessing = 0;
		};
		C5B9B2821CC8FC6F00EA75F7 /* Sources */ = {
			isa = PBXSourcesBuildPhase;
			buildActionMask = 2147483647;
			files = (
				C5B9B28B1CC8FC6F00EA75F7 /* Finn_GaidaTests.swift in Sources */,
			);
			runOnlyForDeploymentPostprocessing = 0;
		};
/* End PBXSourcesBuildPhase section */

/* Begin PBXTargetDependency section */
		C5B9B2881CC8FC6F00EA75F7 /* PBXTargetDependency */ = {
			isa = PBXTargetDependency;
			target = C5B9B26F1CC8FC6F00EA75F7 /* Finn Gaida */;
			targetProxy = C5B9B2871CC8FC6F00EA75F7 /* PBXContainerItemProxy */;
		};
/* End PBXTargetDependency section */

/* Begin PBXVariantGroup section */
		C5B9B2791CC8FC6F00EA75F7 /* Main.storyboard */ = {
			isa = PBXVariantGroup;
			children = (
				C5B9B27A1CC8FC6F00EA75F7 /* Base */,
			);
			name = Main.storyboard;
			sourceTree = "<group>";
		};
		C5B9B27E1CC8FC6F00EA75F7 /* LaunchScreen.storyboard */ = {
			isa = PBXVariantGroup;
			children = (
				C5B9B27F1CC8FC6F00EA75F7 /* Base */,
			);
			name = LaunchScreen.storyboard;
			sourceTree = "<group>";
		};
/* End PBXVariantGroup section */

/* Begin XCBuildConfiguration section */
		C5B9B28D1CC8FC6F00EA75F7 /* Debug */ = {
			isa = XCBuildConfiguration;
			buildSettings = {
				ALWAYS_SEARCH_USER_PATHS = NO;
				CLANG_ANALYZER_NONNULL = YES;
				CLANG_CXX_LANGUAGE_STANDARD = "gnu++0x";
				CLANG_CXX_LIBRARY = "libc++";
				CLANG_ENABLE_MODULES = YES;
				CLANG_ENABLE_OBJC_ARC = YES;
				CLANG_WARN_BOOL_CONVERSION = YES;
				CLANG_WARN_CONSTANT_CONVERSION = YES;
				CLANG_WARN_DIRECT_OBJC_ISA_USAGE = YES_ERROR;
				CLANG_WARN_EMPTY_BODY = YES;
				CLANG_WARN_ENUM_CONVERSION = YES;
				CLANG_WARN_INT_CONVERSION = YES;
				CLANG_WARN_OBJC_ROOT_CLASS = YES_ERROR;
				CLANG_WARN_UNREACHABLE_CODE = YES;
				CLANG_WARN__DUPLICATE_METHOD_MATCH = YES;
				"CODE_SIGN_IDENTITY[sdk=iphoneos*]" = "iPhone Developer";
				COPY_PHASE_STRIP = NO;
				DEBUG_INFORMATION_FORMAT = dwarf;
				ENABLE_STRICT_OBJC_MSGSEND = YES;
				ENABLE_TESTABILITY = YES;
				GCC_C_LANGUAGE_STANDARD = gnu99;
				GCC_DYNAMIC_NO_PIC = NO;
				GCC_NO_COMMON_BLOCKS = YES;
				GCC_OPTIMIZATION_LEVEL = 0;
				GCC_PREPROCESSOR_DEFINITIONS = (
					"DEBUG=1",
					"$(inherited)",
				);
				GCC_WARN_64_TO_32_BIT_CONVERSION = YES;
				GCC_WARN_ABOUT_RETURN_TYPE = YES_ERROR;
				GCC_WARN_UNDECLARED_SELECTOR = YES;
				GCC_WARN_UNINITIALIZED_AUTOS = YES_AGGRESSIVE;
				GCC_WARN_UNUSED_FUNCTION = YES;
				GCC_WARN_UNUSED_VARIABLE = YES;
				IPHONEOS_DEPLOYMENT_TARGET = 9.1;
				MTL_ENABLE_DEBUG_INFO = YES;
				ONLY_ACTIVE_ARCH = YES;
				SDKROOT = iphoneos;
				SWIFT_OPTIMIZATION_LEVEL = "-Onone";
				TARGETED_DEVICE_FAMILY = "1,2";
			};
			name = Debug;
		};
		C5B9B28E1CC8FC6F00EA75F7 /* Release */ = {
			isa = XCBuildConfiguration;
			buildSettings = {
				ALWAYS_SEARCH_USER_PATHS = NO;
				CLANG_ANALYZER_NONNULL = YES;
				CLANG_CXX_LANGUAGE_STANDARD = "gnu++0x";
				CLANG_CXX_LIBRARY = "libc++";
				CLANG_ENABLE_MODULES = YES;
				CLANG_ENABLE_OBJC_ARC = YES;
				CLANG_WARN_BOOL_CONVERSION = YES;
				CLANG_WARN_CONSTANT_CONVERSION = YES;
				CLANG_WARN_DIRECT_OBJC_ISA_USAGE = YES_ERROR;
				CLANG_WARN_EMPTY_BODY = YES;
				CLANG_WARN_ENUM_CONVERSION = YES;
				CLANG_WARN_INT_CONVERSION = YES;
				CLANG_WARN_OBJC_ROOT_CLASS = YES_ERROR;
				CLANG_WARN_UNREACHABLE_CODE = YES;
				CLANG_WARN__DUPLICATE_METHOD_MATCH = YES;
				"CODE_SIGN_IDENTITY[sdk=iphoneos*]" = "iPhone Developer";
				COPY_PHASE_STRIP = NO;
				DEBUG_INFORMATION_FORMAT = "dwarf-with-dsym";
				ENABLE_NS_ASSERTIONS = NO;
				ENABLE_STRICT_OBJC_MSGSEND = YES;
				GCC_C_LANGUAGE_STANDARD = gnu99;
				GCC_NO_COMMON_BLOCKS = YES;
				GCC_WARN_64_TO_32_BIT_CONVERSION = YES;
				GCC_WARN_ABOUT_RETURN_TYPE = YES_ERROR;
				GCC_WARN_UNDECLARED_SELECTOR = YES;
				GCC_WARN_UNINITIALIZED_AUTOS = YES_AGGRESSIVE;
				GCC_WARN_UNUSED_FUNCTION = YES;
				GCC_WARN_UNUSED_VARIABLE = YES;
				IPHONEOS_DEPLOYMENT_TARGET = 9.1;
				MTL_ENABLE_DEBUG_INFO = NO;
				SDKROOT = iphoneos;
				TARGETED_DEVICE_FAMILY = "1,2";
				VALIDATE_PRODUCT = YES;
			};
			name = Release;
		};
		C5B9B2901CC8FC6F00EA75F7 /* Debug */ = {
			isa = XCBuildConfiguration;
			baseConfigurationReference = 60543D548E7C5D55262721BF /* Pods-Finn Gaida.debug.xcconfig */;
			buildSettings = {
				ASSETCATALOG_COMPILER_APPICON_NAME = AppIcon;
				GCC_WARN_ABOUT_DEPRECATED_FUNCTIONS = NO;
				INFOPLIST_FILE = "Finn Gaida/Info.plist";
				LD_RUNPATH_SEARCH_PATHS = "$(inherited) @executable_path/Frameworks";
				PRODUCT_BUNDLE_IDENTIFIER = "de.finngaida.Finn-Gaida";
				PRODUCT_NAME = "$(TARGET_NAME)";
				TARGETED_DEVICE_FAMILY = 1;
			};
			name = Debug;
		};
		C5B9B2911CC8FC6F00EA75F7 /* Release */ = {
			isa = XCBuildConfiguration;
			baseConfigurationReference = F7AACF0E75370ABA3E4DD000 /* Pods-Finn Gaida.release.xcconfig */;
			buildSettings = {
				ASSETCATALOG_COMPILER_APPICON_NAME = AppIcon;
				GCC_WARN_ABOUT_DEPRECATED_FUNCTIONS = NO;
				INFOPLIST_FILE = "Finn Gaida/Info.plist";
				LD_RUNPATH_SEARCH_PATHS = "$(inherited) @executable_path/Frameworks";
				PRODUCT_BUNDLE_IDENTIFIER = "de.finngaida.Finn-Gaida";
				PRODUCT_NAME = "$(TARGET_NAME)";
				TARGETED_DEVICE_FAMILY = 1;
			};
			name = Release;
		};
		C5B9B2931CC8FC6F00EA75F7 /* Debug */ = {
			isa = XCBuildConfiguration;
			baseConfigurationReference = DD475C24D1CFD4E2E913D68A /* Pods-Finn GaidaTests.debug.xcconfig */;
			buildSettings = {
				BUNDLE_LOADER = "$(TEST_HOST)";
				INFOPLIST_FILE = "Finn GaidaTests/Info.plist";
				LD_RUNPATH_SEARCH_PATHS = "$(inherited) @executable_path/Frameworks @loader_path/Frameworks";
				PRODUCT_BUNDLE_IDENTIFIER = "de.finngaida.Finn-GaidaTests";
				PRODUCT_NAME = "$(TARGET_NAME)";
				TEST_HOST = "$(BUILT_PRODUCTS_DIR)/Finn Gaida.app/Finn Gaida";
			};
			name = Debug;
		};
		C5B9B2941CC8FC6F00EA75F7 /* Release */ = {
			isa = XCBuildConfiguration;
			baseConfigurationReference = 8081B27D31D64FFF2DEAD293 /* Pods-Finn GaidaTests.release.xcconfig */;
			buildSettings = {
				BUNDLE_LOADER = "$(TEST_HOST)";
				INFOPLIST_FILE = "Finn GaidaTests/Info.plist";
				LD_RUNPATH_SEARCH_PATHS = "$(inherited) @executable_path/Frameworks @loader_path/Frameworks";
				PRODUCT_BUNDLE_IDENTIFIER = "de.finngaida.Finn-GaidaTests";
				PRODUCT_NAME = "$(TARGET_NAME)";
				TEST_HOST = "$(BUILT_PRODUCTS_DIR)/Finn Gaida.app/Finn Gaida";
			};
			name = Release;
		};
/* End XCBuildConfiguration section */

/* Begin XCConfigurationList section */
		C5B9B26B1CC8FC6E00EA75F7 /* Build configuration list for PBXProject "Finn Gaida" */ = {
			isa = XCConfigurationList;
			buildConfigurations = (
				C5B9B28D1CC8FC6F00EA75F7 /* Debug */,
				C5B9B28E1CC8FC6F00EA75F7 /* Release */,
			);
			defaultConfigurationIsVisible = 0;
			defaultConfigurationName = Release;
		};
		C5B9B28F1CC8FC6F00EA75F7 /* Build configuration list for PBXNativeTarget "Finn Gaida" */ = {
			isa = XCConfigurationList;
			buildConfigurations = (
				C5B9B2901CC8FC6F00EA75F7 /* Debug */,
				C5B9B2911CC8FC6F00EA75F7 /* Release */,
			);
			defaultConfigurationIsVisible = 0;
			defaultConfigurationName = Release;
		};
		C5B9B2921CC8FC6F00EA75F7 /* Build configuration list for PBXNativeTarget "Finn GaidaTests" */ = {
			isa = XCConfigurationList;
			buildConfigurations = (
				C5B9B2931CC8FC6F00EA75F7 /* Debug */,
				C5B9B2941CC8FC6F00EA75F7 /* Release */,
			);
			defaultConfigurationIsVisible = 0;
			defaultConfigurationName = Release;
		};
/* End XCConfigurationList section */
	};
	rootObject = C5B9B2681CC8FC6E00EA75F7 /* Project object */;
}
